// !$*UTF8*$!
{
	archiveVersion = 1;
	classes = {
	};
	objectVersion = 51;
	objects = {

/* Begin PBXBuildFile section */
		3B0D0D10248F768C0092EB54 /* TTTrendingUserCellViewModel.swift in Sources */ = {isa = PBXBuildFile; fileRef = 3B0D0D0F248F768C0092EB54 /* TTTrendingUserCellViewModel.swift */; };
		3B0D0D12248F780B0092EB54 /* TTRepositoryCellViewModel.swift in Sources */ = {isa = PBXBuildFile; fileRef = 3B0D0D11248F780B0092EB54 /* TTRepositoryCellViewModel.swift */; };
		3B0D0D17248F7D420092EB54 /* TTUsersCellViewModel.swift in Sources */ = {isa = PBXBuildFile; fileRef = 3B0D0D16248F7D420092EB54 /* TTUsersCellViewModel.swift */; };
		3B0D0D1A248F88FA0092EB54 /* TTRepositoryViewModel.swift in Sources */ = {isa = PBXBuildFile; fileRef = 3B0D0D19248F88FA0092EB54 /* TTRepositoryViewModel.swift */; };
		3B0D0D1C248F92520092EB54 /* TTUsersViewModel.swift in Sources */ = {isa = PBXBuildFile; fileRef = 3B0D0D1B248F92520092EB54 /* TTUsersViewModel.swift */; };
		3B0D0D1F24908C4C0092EB54 /* TTUserViewModel.swift in Sources */ = {isa = PBXBuildFile; fileRef = 3B0D0D1E24908C4C0092EB54 /* TTUserViewModel.swift */; };
		3B0D0D2124908CB00092EB54 /* TTUserSection.swift in Sources */ = {isa = PBXBuildFile; fileRef = 3B0D0D2024908CB00092EB54 /* TTUserSection.swift */; };
		3B0D0D2324908DC00092EB54 /* TTUserDetailCellViewModel.swift in Sources */ = {isa = PBXBuildFile; fileRef = 3B0D0D2224908DC00092EB54 /* TTUserDetailCellViewModel.swift */; };
		3B0D0D262490B7140092EB54 /* TTAnalyticsManager.swift in Sources */ = {isa = PBXBuildFile; fileRef = 3B0D0D252490B7140092EB54 /* TTAnalyticsManager.swift */; };
		3B0D0D282491C08B0092EB54 /* TTEventsCellViewModel.swift in Sources */ = {isa = PBXBuildFile; fileRef = 3B0D0D272491C08B0092EB54 /* TTEventsCellViewModel.swift */; };
		3B0D0D2A2491C6E90092EB54 /* TTEvent.swift in Sources */ = {isa = PBXBuildFile; fileRef = 3B0D0D292491C6E90092EB54 /* TTEvent.swift */; };
		3B0D0D2C2491CF190092EB54 /* TTIssue.swift in Sources */ = {isa = PBXBuildFile; fileRef = 3B0D0D2B2491CF190092EB54 /* TTIssue.swift */; };
		3B0D0D2E2491CF9F0092EB54 /* TTState.swift in Sources */ = {isa = PBXBuildFile; fileRef = 3B0D0D2D2491CF9F0092EB54 /* TTState.swift */; };
		3B0D0D302491CFCB0092EB54 /* TTMilestone.swift in Sources */ = {isa = PBXBuildFile; fileRef = 3B0D0D2F2491CFCB0092EB54 /* TTMilestone.swift */; };
		3B0D0D322491D0140092EB54 /* TTPullRequest.swift in Sources */ = {isa = PBXBuildFile; fileRef = 3B0D0D312491D0140092EB54 /* TTPullRequest.swift */; };
		3B0D0D342491D0E40092EB54 /* TTComment.swift in Sources */ = {isa = PBXBuildFile; fileRef = 3B0D0D332491D0E40092EB54 /* TTComment.swift */; };
		3B0D0D362491D5650092EB54 /* TTCommit.swift in Sources */ = {isa = PBXBuildFile; fileRef = 3B0D0D352491D5650092EB54 /* TTCommit.swift */; };
		3B0D0D382491D6670092EB54 /* TTRelease.swift in Sources */ = {isa = PBXBuildFile; fileRef = 3B0D0D372491D6670092EB54 /* TTRelease.swift */; };
		3B0D0D3A249207710092EB54 /* TTRepositorySection.swift in Sources */ = {isa = PBXBuildFile; fileRef = 3B0D0D39249207710092EB54 /* TTRepositorySection.swift */; };
		3B0D0D3C249207B90092EB54 /* TTRepositoryDetailCellViewModel.swift in Sources */ = {isa = PBXBuildFile; fileRef = 3B0D0D3B249207B90092EB54 /* TTRepositoryDetailCellViewModel.swift */; };
		3B0D0D3E24920BEA0092EB54 /* TTContent.swift in Sources */ = {isa = PBXBuildFile; fileRef = 3B0D0D3D24920BEA0092EB54 /* TTContent.swift */; };
		3B46937E24932A8C00D64E73 /* TTLanguagesCellViewModel.swift in Sources */ = {isa = PBXBuildFile; fileRef = 3B46937D24932A8C00D64E73 /* TTLanguagesCellViewModel.swift */; };
		3B46938024932C1400D64E73 /* Foundation+SwiftHub.swift in Sources */ = {isa = PBXBuildFile; fileRef = 3B46937F24932C1400D64E73 /* Foundation+SwiftHub.swift */; };
		3B46938324935C6800D64E73 /* TTIssuesViewModel.swift in Sources */ = {isa = PBXBuildFile; fileRef = 3B46938224935C6800D64E73 /* TTIssuesViewModel.swift */; };
		3B46938524935E3000D64E73 /* TTIssueCellViewModel.swift in Sources */ = {isa = PBXBuildFile; fileRef = 3B46938424935E3000D64E73 /* TTIssueCellViewModel.swift */; };
		3B46938824936BB600D64E73 /* TTIssueViewModel.swift in Sources */ = {isa = PBXBuildFile; fileRef = 3B46938724936BB600D64E73 /* TTIssueViewModel.swift */; };
		3B46938A249371A500D64E73 /* TTIssueCommentsViewModel.swift in Sources */ = {isa = PBXBuildFile; fileRef = 3B469389249371A500D64E73 /* TTIssueCommentsViewModel.swift */; };
		3B46938D2493763300D64E73 /* TTCommitsViewModel.swift in Sources */ = {isa = PBXBuildFile; fileRef = 3B46938C2493763300D64E73 /* TTCommitsViewModel.swift */; };
		3B46938F249376D400D64E73 /* TTCommitCellViewModel.swift in Sources */ = {isa = PBXBuildFile; fileRef = 3B46938E249376D400D64E73 /* TTCommitCellViewModel.swift */; };
		3B46939224937B8B00D64E73 /* TTBranchCellViewModel.swift in Sources */ = {isa = PBXBuildFile; fileRef = 3B46939124937B8B00D64E73 /* TTBranchCellViewModel.swift */; };
		3B46939424937BB700D64E73 /* TTBranch.swift in Sources */ = {isa = PBXBuildFile; fileRef = 3B46939324937BB700D64E73 /* TTBranch.swift */; };
		3B46939624937C7500D64E73 /* TTBranchesViewModel.swift in Sources */ = {isa = PBXBuildFile; fileRef = 3B46939524937C7500D64E73 /* TTBranchesViewModel.swift */; };
		3B67553F247B5C06009973B6 /* RepositoryTrendings.json in Resources */ = {isa = PBXBuildFile; fileRef = 3B67553E247B5C06009973B6 /* RepositoryTrendings.json */; };
		3B675541247B63EC009973B6 /* UserTrendings.json in Resources */ = {isa = PBXBuildFile; fileRef = 3B675540247B63EC009973B6 /* UserTrendings.json */; };
		3B675543247B664A009973B6 /* Languages.json in Resources */ = {isa = PBXBuildFile; fileRef = 3B675542247B664A009973B6 /* Languages.json */; };
		3B675545247B7847009973B6 /* TTSearchSection.swift in Sources */ = {isa = PBXBuildFile; fileRef = 3B675544247B7847009973B6 /* TTSearchSection.swift */; };
		3B675548247B7974009973B6 /* TTDefaultTableViewCellViewModel.swift in Sources */ = {isa = PBXBuildFile; fileRef = 3B675547247B7974009973B6 /* TTDefaultTableViewCellViewModel.swift */; };
		3B67554A247B955B009973B6 /* TTTrendingRepositoryCellViewModel.swift in Sources */ = {isa = PBXBuildFile; fileRef = 3B675549247B955B009973B6 /* TTTrendingRepositoryCellViewModel.swift */; };
		3B67554C247B9E82009973B6 /* UIColor+SwiftHub.swift in Sources */ = {isa = PBXBuildFile; fileRef = 3B67554B247B9E82009973B6 /* UIColor+SwiftHub.swift */; };
		3B67554F247CB0A2009973B6 /* TTRepositoriesViewModel.swift in Sources */ = {isa = PBXBuildFile; fileRef = 3B67554E247CB0A2009973B6 /* TTRepositoriesViewModel.swift */; };
		3BCF337A246BDADD00591DEF /* AppDelegate.swift in Sources */ = {isa = PBXBuildFile; fileRef = 3BCF3379246BDADD00591DEF /* AppDelegate.swift */; };
		3BCF337C246BDADD00591DEF /* SceneDelegate.swift in Sources */ = {isa = PBXBuildFile; fileRef = 3BCF337B246BDADD00591DEF /* SceneDelegate.swift */; };
		3BCF337E246BDADD00591DEF /* InitialSplitViewController.swift in Sources */ = {isa = PBXBuildFile; fileRef = 3BCF337D246BDADD00591DEF /* InitialSplitViewController.swift */; };
		3BCF3381246BDADD00591DEF /* Main.storyboard in Resources */ = {isa = PBXBuildFile; fileRef = 3BCF337F246BDADD00591DEF /* Main.storyboard */; };
		3BCF3383246BDAE100591DEF /* Assets.xcassets in Resources */ = {isa = PBXBuildFile; fileRef = 3BCF3382246BDAE100591DEF /* Assets.xcassets */; };
		3BCF3386246BDAE100591DEF /* LaunchScreen.storyboard in Resources */ = {isa = PBXBuildFile; fileRef = 3BCF3384246BDAE100591DEF /* LaunchScreen.storyboard */; };
		3BCF3391246BDAE400591DEF /* TTSwiftHubTests.swift in Sources */ = {isa = PBXBuildFile; fileRef = 3BCF3390246BDAE400591DEF /* TTSwiftHubTests.swift */; };
		3BCF339C246BDAE400591DEF /* TTSwiftHubUITests.swift in Sources */ = {isa = PBXBuildFile; fileRef = 3BCF339B246BDAE400591DEF /* TTSwiftHubUITests.swift */; };
		3BCF33AF246BE36900591DEF /* TTTableViewController.swift in Sources */ = {isa = PBXBuildFile; fileRef = 3BCF33AE246BE36900591DEF /* TTTableViewController.swift */; };
		3BCF33B5246BEC4E00591DEF /* TTTableView.swift in Sources */ = {isa = PBXBuildFile; fileRef = 3BCF33B4246BEC4E00591DEF /* TTTableView.swift */; };
		3BCF33B8246BF19800591DEF /* Configs.swift in Sources */ = {isa = PBXBuildFile; fileRef = 3BCF33B7246BF19800591DEF /* Configs.swift */; };
		3BCF33BB246BFD0900591DEF /* UIView+Layout.swift in Sources */ = {isa = PBXBuildFile; fileRef = 3BCF33BA246BFD0900591DEF /* UIView+Layout.swift */; };
		3BCF33BD246BFDAD00591DEF /* TTView.swift in Sources */ = {isa = PBXBuildFile; fileRef = 3BCF33BC246BFDAD00591DEF /* TTView.swift */; };
		3BCF33BF246CDED500591DEF /* TTBaseViewController.swift in Sources */ = {isa = PBXBuildFile; fileRef = 3BCF33BE246CDED500591DEF /* TTBaseViewController.swift */; };
		3BCF33C1246CE26500591DEF /* TTViewModelType.swift in Sources */ = {isa = PBXBuildFile; fileRef = 3BCF33C0246CE26500591DEF /* TTViewModelType.swift */; };
		3BCF33C4246CE38300591DEF /* Api.swift in Sources */ = {isa = PBXBuildFile; fileRef = 3BCF33C3246CE38300591DEF /* Api.swift */; };
		3BCF33C8246CE55800591DEF /* ActivityIndicator.swift in Sources */ = {isa = PBXBuildFile; fileRef = 3BCF33C7246CE55800591DEF /* ActivityIndicator.swift */; };
		3BCF33CB246CE5DD00591DEF /* ErrorTracker.swift in Sources */ = {isa = PBXBuildFile; fileRef = 3BCF33CA246CE5DD00591DEF /* ErrorTracker.swift */; };
		3BCF33CE246CE70D00591DEF /* TTRestApi.swift in Sources */ = {isa = PBXBuildFile; fileRef = 3BCF33CD246CE70D00591DEF /* TTRestApi.swift */; };
		3BCF33D0246CE80E00591DEF /* ErrorResponse.swift in Sources */ = {isa = PBXBuildFile; fileRef = 3BCF33CF246CE80E00591DEF /* ErrorResponse.swift */; };
		3BCF33D2246CEA7300591DEF /* TTNetworking.swift in Sources */ = {isa = PBXBuildFile; fileRef = 3BCF33D1246CEA7300591DEF /* TTNetworking.swift */; };
		3BCF33D5246CEE3000591DEF /* TTReachabilityManager.swift in Sources */ = {isa = PBXBuildFile; fileRef = 3BCF33D4246CEE3000591DEF /* TTReachabilityManager.swift */; };
		3BCF33D7246CFC5200591DEF /* TTLogManager.swift in Sources */ = {isa = PBXBuildFile; fileRef = 3BCF33D6246CFC5200591DEF /* TTLogManager.swift */; };
		3BCF33D9246D11DD00591DEF /* Navigator.swift in Sources */ = {isa = PBXBuildFile; fileRef = 3BCF33D8246D11DD00591DEF /* Navigator.swift */; };
		3BCF33DD246D253D00591DEF /* R.generated.swift in Sources */ = {isa = PBXBuildFile; fileRef = 3BCF33DC246D253D00591DEF /* R.generated.swift */; };
		3BCF3401246D290300591DEF /* Localizable.strings in Resources */ = {isa = PBXBuildFile; fileRef = 3BCF3403246D290300591DEF /* Localizable.strings */; };
		3BCF340B246D2D4900591DEF /* TTBarButtonItem.swift in Sources */ = {isa = PBXBuildFile; fileRef = 3BCF340A246D2D4800591DEF /* TTBarButtonItem.swift */; };
		3BCF340D246D2DBB00591DEF /* Icons.xcassets in Resources */ = {isa = PBXBuildFile; fileRef = 3BCF340C246D2DBB00591DEF /* Icons.xcassets */; };
		3BCF340F246D37C400591DEF /* TTStackView.swift in Sources */ = {isa = PBXBuildFile; fileRef = 3BCF340E246D37C400591DEF /* TTStackView.swift */; };
		3BCF3411246D395200591DEF /* TTLibsManager.swift in Sources */ = {isa = PBXBuildFile; fileRef = 3BCF3410246D395200591DEF /* TTLibsManager.swift */; };
		3BCF3414246E28B200591DEF /* TTMainViewController.swift in Sources */ = {isa = PBXBuildFile; fileRef = 3BCF3413246E28B200591DEF /* TTMainViewController.swift */; };
		3BCF3417246E29EC00591DEF /* TTSearchViewController.swift in Sources */ = {isa = PBXBuildFile; fileRef = 3BCF3416246E29EC00591DEF /* TTSearchViewController.swift */; };
		3BCF3419246E2A5F00591DEF /* TTNavigationController.swift in Sources */ = {isa = PBXBuildFile; fileRef = 3BCF3418246E2A5F00591DEF /* TTNavigationController.swift */; };
		3BCF341C246E2BFF00591DEF /* TTEventsViewController.swift in Sources */ = {isa = PBXBuildFile; fileRef = 3BCF341B246E2BFF00591DEF /* TTEventsViewController.swift */; };
		3BCF341F246E2C5A00591DEF /* TTNotificationsViewController.swift in Sources */ = {isa = PBXBuildFile; fileRef = 3BCF341E246E2C5A00591DEF /* TTNotificationsViewController.swift */; };
		3BCF3422246E2CA300591DEF /* TTSettingsViewController.swift in Sources */ = {isa = PBXBuildFile; fileRef = 3BCF3421246E2CA300591DEF /* TTSettingsViewController.swift */; };
		3BCF3425246E2CED00591DEF /* TTLoginViewController.swift in Sources */ = {isa = PBXBuildFile; fileRef = 3BCF3424246E2CED00591DEF /* TTLoginViewController.swift */; };
		3BCF3427246E31CD00591DEF /* TTMainTabBarViewModel.swift in Sources */ = {isa = PBXBuildFile; fileRef = 3BCF3426246E31CD00591DEF /* TTMainTabBarViewModel.swift */; };
		3BCF3429246E394800591DEF /* TTSearchViewModel.swift in Sources */ = {isa = PBXBuildFile; fileRef = 3BCF3428246E394800591DEF /* TTSearchViewModel.swift */; };
		3BCF342C246E3A8100591DEF /* TTUser.swift in Sources */ = {isa = PBXBuildFile; fileRef = 3BCF342B246E3A8100591DEF /* TTUser.swift */; };
		3BCF342E246E3BDE00591DEF /* TTRepository.swift in Sources */ = {isa = PBXBuildFile; fileRef = 3BCF342D246E3BDE00591DEF /* TTRepository.swift */; };
		3BCF3430246E41BB00591DEF /* ISO8601DateTransform.swift in Sources */ = {isa = PBXBuildFile; fileRef = 3BCF342F246E41BA00591DEF /* ISO8601DateTransform.swift */; };
		3BCF3432246E445600591DEF /* TTLanguage.swift in Sources */ = {isa = PBXBuildFile; fileRef = 3BCF3431246E445600591DEF /* TTLanguage.swift */; };
		3BCF3436246E5F2900591DEF /* KafkaRefresh+Rx.swift in Sources */ = {isa = PBXBuildFile; fileRef = 3BCF3435246E5F2900591DEF /* KafkaRefresh+Rx.swift */; };
		3BCF3439246E609B00591DEF /* Observable+Operators.swift in Sources */ = {isa = PBXBuildFile; fileRef = 3BCF3438246E609B00591DEF /* Observable+Operators.swift */; };
		3BCF343B246E694900591DEF /* TTApplication.swift in Sources */ = {isa = PBXBuildFile; fileRef = 3BCF343A246E694900591DEF /* TTApplication.swift */; };
		3BCF343D246E6B5A00591DEF /* TTGithubApi.swift in Sources */ = {isa = PBXBuildFile; fileRef = 3BCF343C246E6B5A00591DEF /* TTGithubApi.swift */; };
		3BCF343F246E770E00591DEF /* TTSplitViewController.swift in Sources */ = {isa = PBXBuildFile; fileRef = 3BCF343E246E770E00591DEF /* TTSplitViewController.swift */; };
		3BCF3441246E77DE00591DEF /* TTThemeManager.swift in Sources */ = {isa = PBXBuildFile; fileRef = 3BCF3440246E77DE00591DEF /* TTThemeManager.swift */; };
		3BCF3445246E9D1B00591DEF /* TTAuthManager.swift in Sources */ = {isa = PBXBuildFile; fileRef = 3BCF3444246E9D1B00591DEF /* TTAuthManager.swift */; };
		3BCF3448246EA06500591DEF /* TTToken.swift in Sources */ = {isa = PBXBuildFile; fileRef = 3BCF3447246EA06500591DEF /* TTToken.swift */; };
		3BF2FDCE2472292D0007C202 /* GoogleService-Info.plist in Resources */ = {isa = PBXBuildFile; fileRef = 3BF2FDCD2472292D0007C202 /* GoogleService-Info.plist */; };
		3BF2FDD0247267590007C202 /* TTEventsViewModel.swift in Sources */ = {isa = PBXBuildFile; fileRef = 3BF2FDCF247267590007C202 /* TTEventsViewModel.swift */; };
		3BF2FDD22473822B0007C202 /* TTCodetabsApi.swift in Sources */ = {isa = PBXBuildFile; fileRef = 3BF2FDD12473822B0007C202 /* TTCodetabsApi.swift */; };
		3BF2FDD4247382C10007C202 /* TTTrendingGithubAPI.swift in Sources */ = {isa = PBXBuildFile; fileRef = 3BF2FDD3247382C10007C202 /* TTTrendingGithubAPI.swift */; };
		96662B8D1C85BE3578F9D71B /* Pods_TTSwiftHub_TTSwiftHubUITests.framework in Frameworks */ = {isa = PBXBuildFile; fileRef = 20186349C22BEC120A0FE23A /* Pods_TTSwiftHub_TTSwiftHubUITests.framework */; };
		9D75D815D8090737348F9954 /* Pods_TTSwiftHubTests.framework in Frameworks */ = {isa = PBXBuildFile; fileRef = A7D9D6227B1B3571B1B91CA9 /* Pods_TTSwiftHubTests.framework */; };
		DADD46D597C363EC8CBDC599 /* Pods_TTSwiftHub.framework in Frameworks */ = {isa = PBXBuildFile; fileRef = 47D78F151FB87D972037E314 /* Pods_TTSwiftHub.framework */; };
/* End PBXBuildFile section */

/* Begin PBXContainerItemProxy section */
		3BCF338D246BDAE400591DEF /* PBXContainerItemProxy */ = {
			isa = PBXContainerItemProxy;
			containerPortal = 3BCF336E246BDADC00591DEF /* Project object */;
			proxyType = 1;
			remoteGlobalIDString = 3BCF3375246BDADC00591DEF;
			remoteInfo = TTSwiftHub;
		};
		3BCF3398246BDAE400591DEF /* PBXContainerItemProxy */ = {
			isa = PBXContainerItemProxy;
			containerPortal = 3BCF336E246BDADC00591DEF /* Project object */;
			proxyType = 1;
			remoteGlobalIDString = 3BCF3375246BDADC00591DEF;
			remoteInfo = TTSwiftHub;
		};
/* End PBXContainerItemProxy section */

/* Begin PBXFileReference section */
		0FA6BF85101229AF0AE1A1E3 /* Pods-TTSwiftHubTests.debug.xcconfig */ = {isa = PBXFileReference; includeInIndex = 1; lastKnownFileType = text.xcconfig; name = "Pods-TTSwiftHubTests.debug.xcconfig"; path = "Target Support Files/Pods-TTSwiftHubTests/Pods-TTSwiftHubTests.debug.xcconfig"; sourceTree = "<group>"; };
		20186349C22BEC120A0FE23A /* Pods_TTSwiftHub_TTSwiftHubUITests.framework */ = {isa = PBXFileReference; explicitFileType = wrapper.framework; includeInIndex = 0; path = Pods_TTSwiftHub_TTSwiftHubUITests.framework; sourceTree = BUILT_PRODUCTS_DIR; };
		234E234DB262EA97601B4834 /* Pods-TTSwiftHub.release.xcconfig */ = {isa = PBXFileReference; includeInIndex = 1; lastKnownFileType = text.xcconfig; name = "Pods-TTSwiftHub.release.xcconfig"; path = "Target Support Files/Pods-TTSwiftHub/Pods-TTSwiftHub.release.xcconfig"; sourceTree = "<group>"; };
		240A76CBED1F791CD1133D33 /* Pods-TTSwiftHub.debug.xcconfig */ = {isa = PBXFileReference; includeInIndex = 1; lastKnownFileType = text.xcconfig; name = "Pods-TTSwiftHub.debug.xcconfig"; path = "Target Support Files/Pods-TTSwiftHub/Pods-TTSwiftHub.debug.xcconfig"; sourceTree = "<group>"; };
		3B0D0D0F248F768C0092EB54 /* TTTrendingUserCellViewModel.swift */ = {isa = PBXFileReference; lastKnownFileType = sourcecode.swift; path = TTTrendingUserCellViewModel.swift; sourceTree = "<group>"; };
		3B0D0D11248F780B0092EB54 /* TTRepositoryCellViewModel.swift */ = {isa = PBXFileReference; lastKnownFileType = sourcecode.swift; path = TTRepositoryCellViewModel.swift; sourceTree = "<group>"; };
		3B0D0D16248F7D420092EB54 /* TTUsersCellViewModel.swift */ = {isa = PBXFileReference; lastKnownFileType = sourcecode.swift; path = TTUsersCellViewModel.swift; sourceTree = "<group>"; };
		3B0D0D19248F88FA0092EB54 /* TTRepositoryViewModel.swift */ = {isa = PBXFileReference; lastKnownFileType = sourcecode.swift; path = TTRepositoryViewModel.swift; sourceTree = "<group>"; };
		3B0D0D1B248F92520092EB54 /* TTUsersViewModel.swift */ = {isa = PBXFileReference; lastKnownFileType = sourcecode.swift; path = TTUsersViewModel.swift; sourceTree = "<group>"; };
		3B0D0D1E24908C4C0092EB54 /* TTUserViewModel.swift */ = {isa = PBXFileReference; lastKnownFileType = sourcecode.swift; path = TTUserViewModel.swift; sourceTree = "<group>"; };
		3B0D0D2024908CB00092EB54 /* TTUserSection.swift */ = {isa = PBXFileReference; lastKnownFileType = sourcecode.swift; path = TTUserSection.swift; sourceTree = "<group>"; };
		3B0D0D2224908DC00092EB54 /* TTUserDetailCellViewModel.swift */ = {isa = PBXFileReference; lastKnownFileType = sourcecode.swift; path = TTUserDetailCellViewModel.swift; sourceTree = "<group>"; };
		3B0D0D252490B7140092EB54 /* TTAnalyticsManager.swift */ = {isa = PBXFileReference; lastKnownFileType = sourcecode.swift; path = TTAnalyticsManager.swift; sourceTree = "<group>"; };
		3B0D0D272491C08B0092EB54 /* TTEventsCellViewModel.swift */ = {isa = PBXFileReference; lastKnownFileType = sourcecode.swift; path = TTEventsCellViewModel.swift; sourceTree = "<group>"; };
		3B0D0D292491C6E90092EB54 /* TTEvent.swift */ = {isa = PBXFileReference; lastKnownFileType = sourcecode.swift; path = TTEvent.swift; sourceTree = "<group>"; };
		3B0D0D2B2491CF190092EB54 /* TTIssue.swift */ = {isa = PBXFileReference; lastKnownFileType = sourcecode.swift; path = TTIssue.swift; sourceTree = "<group>"; };
		3B0D0D2D2491CF9F0092EB54 /* TTState.swift */ = {isa = PBXFileReference; lastKnownFileType = sourcecode.swift; path = TTState.swift; sourceTree = "<group>"; };
		3B0D0D2F2491CFCB0092EB54 /* TTMilestone.swift */ = {isa = PBXFileReference; lastKnownFileType = sourcecode.swift; path = TTMilestone.swift; sourceTree = "<group>"; };
		3B0D0D312491D0140092EB54 /* TTPullRequest.swift */ = {isa = PBXFileReference; lastKnownFileType = sourcecode.swift; path = TTPullRequest.swift; sourceTree = "<group>"; };
		3B0D0D332491D0E40092EB54 /* TTComment.swift */ = {isa = PBXFileReference; lastKnownFileType = sourcecode.swift; path = TTComment.swift; sourceTree = "<group>"; };
		3B0D0D352491D5650092EB54 /* TTCommit.swift */ = {isa = PBXFileReference; lastKnownFileType = sourcecode.swift; path = TTCommit.swift; sourceTree = "<group>"; };
		3B0D0D372491D6670092EB54 /* TTRelease.swift */ = {isa = PBXFileReference; lastKnownFileType = sourcecode.swift; path = TTRelease.swift; sourceTree = "<group>"; };
		3B0D0D39249207710092EB54 /* TTRepositorySection.swift */ = {isa = PBXFileReference; lastKnownFileType = sourcecode.swift; path = TTRepositorySection.swift; sourceTree = "<group>"; };
		3B0D0D3B249207B90092EB54 /* TTRepositoryDetailCellViewModel.swift */ = {isa = PBXFileReference; lastKnownFileType = sourcecode.swift; path = TTRepositoryDetailCellViewModel.swift; sourceTree = "<group>"; };
		3B0D0D3D24920BEA0092EB54 /* TTContent.swift */ = {isa = PBXFileReference; lastKnownFileType = sourcecode.swift; path = TTContent.swift; sourceTree = "<group>"; };
		3B46937D24932A8C00D64E73 /* TTLanguagesCellViewModel.swift */ = {isa = PBXFileReference; lastKnownFileType = sourcecode.swift; path = TTLanguagesCellViewModel.swift; sourceTree = "<group>"; };
		3B46937F24932C1400D64E73 /* Foundation+SwiftHub.swift */ = {isa = PBXFileReference; lastKnownFileType = sourcecode.swift; path = "Foundation+SwiftHub.swift"; sourceTree = "<group>"; };
		3B46938224935C6800D64E73 /* TTIssuesViewModel.swift */ = {isa = PBXFileReference; lastKnownFileType = sourcecode.swift; path = TTIssuesViewModel.swift; sourceTree = "<group>"; };
		3B46938424935E3000D64E73 /* TTIssueCellViewModel.swift */ = {isa = PBXFileReference; lastKnownFileType = sourcecode.swift; path = TTIssueCellViewModel.swift; sourceTree = "<group>"; };
		3B46938724936BB600D64E73 /* TTIssueViewModel.swift */ = {isa = PBXFileReference; lastKnownFileType = sourcecode.swift; path = TTIssueViewModel.swift; sourceTree = "<group>"; };
		3B469389249371A500D64E73 /* TTIssueCommentsViewModel.swift */ = {isa = PBXFileReference; lastKnownFileType = sourcecode.swift; path = TTIssueCommentsViewModel.swift; sourceTree = "<group>"; };
		3B46938C2493763300D64E73 /* TTCommitsViewModel.swift */ = {isa = PBXFileReference; lastKnownFileType = sourcecode.swift; path = TTCommitsViewModel.swift; sourceTree = "<group>"; };
		3B46938E249376D400D64E73 /* TTCommitCellViewModel.swift */ = {isa = PBXFileReference; lastKnownFileType = sourcecode.swift; path = TTCommitCellViewModel.swift; sourceTree = "<group>"; };
		3B46939124937B8B00D64E73 /* TTBranchCellViewModel.swift */ = {isa = PBXFileReference; lastKnownFileType = sourcecode.swift; path = TTBranchCellViewModel.swift; sourceTree = "<group>"; };
		3B46939324937BB700D64E73 /* TTBranch.swift */ = {isa = PBXFileReference; lastKnownFileType = sourcecode.swift; path = TTBranch.swift; sourceTree = "<group>"; };
		3B46939524937C7500D64E73 /* TTBranchesViewModel.swift */ = {isa = PBXFileReference; lastKnownFileType = sourcecode.swift; path = TTBranchesViewModel.swift; sourceTree = "<group>"; };
		3B67553E247B5C06009973B6 /* RepositoryTrendings.json */ = {isa = PBXFileReference; fileEncoding = 4; lastKnownFileType = text.json; path = RepositoryTrendings.json; sourceTree = "<group>"; };
		3B675540247B63EC009973B6 /* UserTrendings.json */ = {isa = PBXFileReference; fileEncoding = 4; lastKnownFileType = text.json; path = UserTrendings.json; sourceTree = "<group>"; };
		3B675542247B664A009973B6 /* Languages.json */ = {isa = PBXFileReference; fileEncoding = 4; lastKnownFileType = text.json; path = Languages.json; sourceTree = "<group>"; };
		3B675544247B7847009973B6 /* TTSearchSection.swift */ = {isa = PBXFileReference; lastKnownFileType = sourcecode.swift; path = TTSearchSection.swift; sourceTree = "<group>"; };
		3B675547247B7974009973B6 /* TTDefaultTableViewCellViewModel.swift */ = {isa = PBXFileReference; lastKnownFileType = sourcecode.swift; path = TTDefaultTableViewCellViewModel.swift; sourceTree = "<group>"; };
		3B675549247B955B009973B6 /* TTTrendingRepositoryCellViewModel.swift */ = {isa = PBXFileReference; lastKnownFileType = sourcecode.swift; path = TTTrendingRepositoryCellViewModel.swift; sourceTree = "<group>"; };
		3B67554B247B9E82009973B6 /* UIColor+SwiftHub.swift */ = {isa = PBXFileReference; lastKnownFileType = sourcecode.swift; path = "UIColor+SwiftHub.swift"; sourceTree = "<group>"; };
		3B67554E247CB0A2009973B6 /* TTRepositoriesViewModel.swift */ = {isa = PBXFileReference; lastKnownFileType = sourcecode.swift; path = TTRepositoriesViewModel.swift; sourceTree = "<group>"; };
		3BCF3376246BDADD00591DEF /* TTSwiftHub.app */ = {isa = PBXFileReference; explicitFileType = wrapper.application; includeInIndex = 0; path = TTSwiftHub.app; sourceTree = BUILT_PRODUCTS_DIR; };
		3BCF3379246BDADD00591DEF /* AppDelegate.swift */ = {isa = PBXFileReference; lastKnownFileType = sourcecode.swift; path = AppDelegate.swift; sourceTree = "<group>"; };
		3BCF337B246BDADD00591DEF /* SceneDelegate.swift */ = {isa = PBXFileReference; lastKnownFileType = sourcecode.swift; path = SceneDelegate.swift; sourceTree = "<group>"; };
		3BCF337D246BDADD00591DEF /* InitialSplitViewController.swift */ = {isa = PBXFileReference; lastKnownFileType = sourcecode.swift; path = InitialSplitViewController.swift; sourceTree = "<group>"; };
		3BCF3380246BDADD00591DEF /* Base */ = {isa = PBXFileReference; lastKnownFileType = file.storyboard; name = Base; path = Base.lproj/Main.storyboard; sourceTree = "<group>"; };
		3BCF3382246BDAE100591DEF /* Assets.xcassets */ = {isa = PBXFileReference; lastKnownFileType = folder.assetcatalog; path = Assets.xcassets; sourceTree = "<group>"; };
		3BCF3385246BDAE100591DEF /* Base */ = {isa = PBXFileReference; lastKnownFileType = file.storyboard; name = Base; path = Base.lproj/LaunchScreen.storyboard; sourceTree = "<group>"; };
		3BCF3387246BDAE100591DEF /* Info.plist */ = {isa = PBXFileReference; lastKnownFileType = text.plist.xml; path = Info.plist; sourceTree = "<group>"; };
		3BCF338C246BDAE400591DEF /* TTSwiftHubTests.xctest */ = {isa = PBXFileReference; explicitFileType = wrapper.cfbundle; includeInIndex = 0; path = TTSwiftHubTests.xctest; sourceTree = BUILT_PRODUCTS_DIR; };
		3BCF3390246BDAE400591DEF /* TTSwiftHubTests.swift */ = {isa = PBXFileReference; lastKnownFileType = sourcecode.swift; path = TTSwiftHubTests.swift; sourceTree = "<group>"; };
		3BCF3392246BDAE400591DEF /* Info.plist */ = {isa = PBXFileReference; lastKnownFileType = text.plist.xml; path = Info.plist; sourceTree = "<group>"; };
		3BCF3397246BDAE400591DEF /* TTSwiftHubUITests.xctest */ = {isa = PBXFileReference; explicitFileType = wrapper.cfbundle; includeInIndex = 0; path = TTSwiftHubUITests.xctest; sourceTree = BUILT_PRODUCTS_DIR; };
		3BCF339B246BDAE400591DEF /* TTSwiftHubUITests.swift */ = {isa = PBXFileReference; lastKnownFileType = sourcecode.swift; path = TTSwiftHubUITests.swift; sourceTree = "<group>"; };
		3BCF339D246BDAE400591DEF /* Info.plist */ = {isa = PBXFileReference; lastKnownFileType = text.plist.xml; path = Info.plist; sourceTree = "<group>"; };
		3BCF33AE246BE36900591DEF /* TTTableViewController.swift */ = {isa = PBXFileReference; lastKnownFileType = sourcecode.swift; path = TTTableViewController.swift; sourceTree = "<group>"; };
		3BCF33B4246BEC4E00591DEF /* TTTableView.swift */ = {isa = PBXFileReference; lastKnownFileType = sourcecode.swift; path = TTTableView.swift; sourceTree = "<group>"; };
		3BCF33B7246BF19800591DEF /* Configs.swift */ = {isa = PBXFileReference; lastKnownFileType = sourcecode.swift; path = Configs.swift; sourceTree = "<group>"; };
		3BCF33BA246BFD0900591DEF /* UIView+Layout.swift */ = {isa = PBXFileReference; lastKnownFileType = sourcecode.swift; path = "UIView+Layout.swift"; sourceTree = "<group>"; };
		3BCF33BC246BFDAD00591DEF /* TTView.swift */ = {isa = PBXFileReference; lastKnownFileType = sourcecode.swift; path = TTView.swift; sourceTree = "<group>"; };
		3BCF33BE246CDED500591DEF /* TTBaseViewController.swift */ = {isa = PBXFileReference; lastKnownFileType = sourcecode.swift; path = TTBaseViewController.swift; sourceTree = "<group>"; };
		3BCF33C0246CE26500591DEF /* TTViewModelType.swift */ = {isa = PBXFileReference; lastKnownFileType = sourcecode.swift; path = TTViewModelType.swift; sourceTree = "<group>"; };
		3BCF33C3246CE38300591DEF /* Api.swift */ = {isa = PBXFileReference; lastKnownFileType = sourcecode.swift; path = Api.swift; sourceTree = "<group>"; };
		3BCF33C7246CE55800591DEF /* ActivityIndicator.swift */ = {isa = PBXFileReference; fileEncoding = 4; lastKnownFileType = sourcecode.swift; path = ActivityIndicator.swift; sourceTree = "<group>"; };
		3BCF33CA246CE5DD00591DEF /* ErrorTracker.swift */ = {isa = PBXFileReference; fileEncoding = 4; lastKnownFileType = sourcecode.swift; path = ErrorTracker.swift; sourceTree = "<group>"; };
		3BCF33CD246CE70D00591DEF /* TTRestApi.swift */ = {isa = PBXFileReference; lastKnownFileType = sourcecode.swift; path = TTRestApi.swift; sourceTree = "<group>"; };
		3BCF33CF246CE80E00591DEF /* ErrorResponse.swift */ = {isa = PBXFileReference; lastKnownFileType = sourcecode.swift; path = ErrorResponse.swift; sourceTree = "<group>"; };
		3BCF33D1246CEA7300591DEF /* TTNetworking.swift */ = {isa = PBXFileReference; lastKnownFileType = sourcecode.swift; path = TTNetworking.swift; sourceTree = "<group>"; };
		3BCF33D4246CEE3000591DEF /* TTReachabilityManager.swift */ = {isa = PBXFileReference; lastKnownFileType = sourcecode.swift; path = TTReachabilityManager.swift; sourceTree = "<group>"; };
		3BCF33D6246CFC5200591DEF /* TTLogManager.swift */ = {isa = PBXFileReference; lastKnownFileType = sourcecode.swift; path = TTLogManager.swift; sourceTree = "<group>"; };
		3BCF33D8246D11DD00591DEF /* Navigator.swift */ = {isa = PBXFileReference; lastKnownFileType = sourcecode.swift; path = Navigator.swift; sourceTree = "<group>"; };
		3BCF33DC246D253D00591DEF /* R.generated.swift */ = {isa = PBXFileReference; fileEncoding = 4; lastKnownFileType = sourcecode.swift; path = R.generated.swift; sourceTree = "<group>"; };
		3BCF3402246D290300591DEF /* en */ = {isa = PBXFileReference; lastKnownFileType = text.plist.strings; name = en; path = en.lproj/Localizable.strings; sourceTree = "<group>"; };
		3BCF3406246D290D00591DEF /* zh-Hans */ = {isa = PBXFileReference; lastKnownFileType = text.plist.strings; name = "zh-Hans"; path = "zh-Hans.lproj/Localizable.strings"; sourceTree = "<group>"; };
		3BCF340A246D2D4800591DEF /* TTBarButtonItem.swift */ = {isa = PBXFileReference; lastKnownFileType = sourcecode.swift; path = TTBarButtonItem.swift; sourceTree = "<group>"; };
		3BCF340C246D2DBB00591DEF /* Icons.xcassets */ = {isa = PBXFileReference; lastKnownFileType = folder.assetcatalog; path = Icons.xcassets; sourceTree = "<group>"; };
		3BCF340E246D37C400591DEF /* TTStackView.swift */ = {isa = PBXFileReference; lastKnownFileType = sourcecode.swift; path = TTStackView.swift; sourceTree = "<group>"; };
		3BCF3410246D395200591DEF /* TTLibsManager.swift */ = {isa = PBXFileReference; lastKnownFileType = sourcecode.swift; path = TTLibsManager.swift; sourceTree = "<group>"; };
		3BCF3413246E28B200591DEF /* TTMainViewController.swift */ = {isa = PBXFileReference; lastKnownFileType = sourcecode.swift; path = TTMainViewController.swift; sourceTree = "<group>"; };
		3BCF3416246E29EC00591DEF /* TTSearchViewController.swift */ = {isa = PBXFileReference; lastKnownFileType = sourcecode.swift; path = TTSearchViewController.swift; sourceTree = "<group>"; };
		3BCF3418246E2A5F00591DEF /* TTNavigationController.swift */ = {isa = PBXFileReference; lastKnownFileType = sourcecode.swift; path = TTNavigationController.swift; sourceTree = "<group>"; };
		3BCF341B246E2BFF00591DEF /* TTEventsViewController.swift */ = {isa = PBXFileReference; lastKnownFileType = sourcecode.swift; path = TTEventsViewController.swift; sourceTree = "<group>"; };
		3BCF341E246E2C5A00591DEF /* TTNotificationsViewController.swift */ = {isa = PBXFileReference; lastKnownFileType = sourcecode.swift; path = TTNotificationsViewController.swift; sourceTree = "<group>"; };
		3BCF3421246E2CA300591DEF /* TTSettingsViewController.swift */ = {isa = PBXFileReference; lastKnownFileType = sourcecode.swift; path = TTSettingsViewController.swift; sourceTree = "<group>"; };
		3BCF3424246E2CED00591DEF /* TTLoginViewController.swift */ = {isa = PBXFileReference; lastKnownFileType = sourcecode.swift; path = TTLoginViewController.swift; sourceTree = "<group>"; };
		3BCF3426246E31CD00591DEF /* TTMainTabBarViewModel.swift */ = {isa = PBXFileReference; lastKnownFileType = sourcecode.swift; path = TTMainTabBarViewModel.swift; sourceTree = "<group>"; };
		3BCF3428246E394800591DEF /* TTSearchViewModel.swift */ = {isa = PBXFileReference; lastKnownFileType = sourcecode.swift; path = TTSearchViewModel.swift; sourceTree = "<group>"; };
		3BCF342B246E3A8100591DEF /* TTUser.swift */ = {isa = PBXFileReference; lastKnownFileType = sourcecode.swift; path = TTUser.swift; sourceTree = "<group>"; };
		3BCF342D246E3BDE00591DEF /* TTRepository.swift */ = {isa = PBXFileReference; lastKnownFileType = sourcecode.swift; path = TTRepository.swift; sourceTree = "<group>"; };
		3BCF342F246E41BA00591DEF /* ISO8601DateTransform.swift */ = {isa = PBXFileReference; lastKnownFileType = sourcecode.swift; path = ISO8601DateTransform.swift; sourceTree = "<group>"; };
		3BCF3431246E445600591DEF /* TTLanguage.swift */ = {isa = PBXFileReference; lastKnownFileType = sourcecode.swift; path = TTLanguage.swift; sourceTree = "<group>"; };
		3BCF3435246E5F2900591DEF /* KafkaRefresh+Rx.swift */ = {isa = PBXFileReference; lastKnownFileType = sourcecode.swift; path = "KafkaRefresh+Rx.swift"; sourceTree = "<group>"; };
		3BCF3438246E609B00591DEF /* Observable+Operators.swift */ = {isa = PBXFileReference; lastKnownFileType = sourcecode.swift; path = "Observable+Operators.swift"; sourceTree = "<group>"; };
		3BCF343A246E694900591DEF /* TTApplication.swift */ = {isa = PBXFileReference; lastKnownFileType = sourcecode.swift; path = TTApplication.swift; sourceTree = "<group>"; };
		3BCF343C246E6B5A00591DEF /* TTGithubApi.swift */ = {isa = PBXFileReference; lastKnownFileType = sourcecode.swift; path = TTGithubApi.swift; sourceTree = "<group>"; };
		3BCF343E246E770E00591DEF /* TTSplitViewController.swift */ = {isa = PBXFileReference; lastKnownFileType = sourcecode.swift; path = TTSplitViewController.swift; sourceTree = "<group>"; };
		3BCF3440246E77DE00591DEF /* TTThemeManager.swift */ = {isa = PBXFileReference; lastKnownFileType = sourcecode.swift; path = TTThemeManager.swift; sourceTree = "<group>"; };
		3BCF3444246E9D1B00591DEF /* TTAuthManager.swift */ = {isa = PBXFileReference; lastKnownFileType = sourcecode.swift; path = TTAuthManager.swift; sourceTree = "<group>"; };
		3BCF3447246EA06500591DEF /* TTToken.swift */ = {isa = PBXFileReference; lastKnownFileType = sourcecode.swift; path = TTToken.swift; sourceTree = "<group>"; };
		3BF2FDCD2472292D0007C202 /* GoogleService-Info.plist */ = {isa = PBXFileReference; fileEncoding = 4; lastKnownFileType = text.plist.xml; path = "GoogleService-Info.plist"; sourceTree = "<group>"; };
		3BF2FDCF247267590007C202 /* TTEventsViewModel.swift */ = {isa = PBXFileReference; lastKnownFileType = sourcecode.swift; path = TTEventsViewModel.swift; sourceTree = "<group>"; };
		3BF2FDD12473822B0007C202 /* TTCodetabsApi.swift */ = {isa = PBXFileReference; lastKnownFileType = sourcecode.swift; path = TTCodetabsApi.swift; sourceTree = "<group>"; };
		3BF2FDD3247382C10007C202 /* TTTrendingGithubAPI.swift */ = {isa = PBXFileReference; lastKnownFileType = sourcecode.swift; path = TTTrendingGithubAPI.swift; sourceTree = "<group>"; };
		425C402F9ACCFAF983F3BC59 /* Pods-TTSwiftHub-TTSwiftHubUITests.debug.xcconfig */ = {isa = PBXFileReference; includeInIndex = 1; lastKnownFileType = text.xcconfig; name = "Pods-TTSwiftHub-TTSwiftHubUITests.debug.xcconfig"; path = "Target Support Files/Pods-TTSwiftHub-TTSwiftHubUITests/Pods-TTSwiftHub-TTSwiftHubUITests.debug.xcconfig"; sourceTree = "<group>"; };
		47D78F151FB87D972037E314 /* Pods_TTSwiftHub.framework */ = {isa = PBXFileReference; explicitFileType = wrapper.framework; includeInIndex = 0; path = Pods_TTSwiftHub.framework; sourceTree = BUILT_PRODUCTS_DIR; };
		A7D9D6227B1B3571B1B91CA9 /* Pods_TTSwiftHubTests.framework */ = {isa = PBXFileReference; explicitFileType = wrapper.framework; includeInIndex = 0; path = Pods_TTSwiftHubTests.framework; sourceTree = BUILT_PRODUCTS_DIR; };
		BF4ED0560A1A09A551B9FFDA /* Pods-TTSwiftHub-TTSwiftHubUITests.release.xcconfig */ = {isa = PBXFileReference; includeInIndex = 1; lastKnownFileType = text.xcconfig; name = "Pods-TTSwiftHub-TTSwiftHubUITests.release.xcconfig"; path = "Target Support Files/Pods-TTSwiftHub-TTSwiftHubUITests/Pods-TTSwiftHub-TTSwiftHubUITests.release.xcconfig"; sourceTree = "<group>"; };
		E740193F2C54EA180D60FDBB /* Pods-TTSwiftHubTests.release.xcconfig */ = {isa = PBXFileReference; includeInIndex = 1; lastKnownFileType = text.xcconfig; name = "Pods-TTSwiftHubTests.release.xcconfig"; path = "Target Support Files/Pods-TTSwiftHubTests/Pods-TTSwiftHubTests.release.xcconfig"; sourceTree = "<group>"; };
/* End PBXFileReference section */

/* Begin PBXFrameworksBuildPhase section */
		3BCF3373246BDADC00591DEF /* Frameworks */ = {
			isa = PBXFrameworksBuildPhase;
			buildActionMask = 2147483647;
			files = (
				DADD46D597C363EC8CBDC599 /* Pods_TTSwiftHub.framework in Frameworks */,
			);
			runOnlyForDeploymentPostprocessing = 0;
		};
		3BCF3389246BDAE400591DEF /* Frameworks */ = {
			isa = PBXFrameworksBuildPhase;
			buildActionMask = 2147483647;
			files = (
				9D75D815D8090737348F9954 /* Pods_TTSwiftHubTests.framework in Frameworks */,
			);
			runOnlyForDeploymentPostprocessing = 0;
		};
		3BCF3394246BDAE400591DEF /* Frameworks */ = {
			isa = PBXFrameworksBuildPhase;
			buildActionMask = 2147483647;
			files = (
				96662B8D1C85BE3578F9D71B /* Pods_TTSwiftHub_TTSwiftHubUITests.framework in Frameworks */,
			);
			runOnlyForDeploymentPostprocessing = 0;
		};
/* End PBXFrameworksBuildPhase section */

/* Begin PBXGroup section */
		3B0D0D13248F7D030092EB54 /* Users */ = {
			isa = PBXGroup;
			children = (
				3B0D0D16248F7D420092EB54 /* TTUsersCellViewModel.swift */,
				3B0D0D1B248F92520092EB54 /* TTUsersViewModel.swift */,
			);
			path = Users;
			sourceTree = "<group>";
		};
		3B0D0D18248F88E10092EB54 /* RepositoryDetails */ = {
			isa = PBXGroup;
			children = (
				3B0D0D19248F88FA0092EB54 /* TTRepositoryViewModel.swift */,
				3B0D0D39249207710092EB54 /* TTRepositorySection.swift */,
				3B0D0D3B249207B90092EB54 /* TTRepositoryDetailCellViewModel.swift */,
				3B46937D24932A8C00D64E73 /* TTLanguagesCellViewModel.swift */,
			);
			path = RepositoryDetails;
			sourceTree = "<group>";
		};
		3B0D0D1D24908C310092EB54 /* UserDetails */ = {
			isa = PBXGroup;
			children = (
				3B0D0D1E24908C4C0092EB54 /* TTUserViewModel.swift */,
				3B0D0D2024908CB00092EB54 /* TTUserSection.swift */,
				3B0D0D2224908DC00092EB54 /* TTUserDetailCellViewModel.swift */,
			);
			path = UserDetails;
			sourceTree = "<group>";
		};
		3B46938124935C4400D64E73 /* Issues */ = {
			isa = PBXGroup;
			children = (
				3B46938224935C6800D64E73 /* TTIssuesViewModel.swift */,
				3B46938424935E3000D64E73 /* TTIssueCellViewModel.swift */,
				3B46938624936B8B00D64E73 /* Issue Details */,
			);
			path = Issues;
			sourceTree = "<group>";
		};
		3B46938624936B8B00D64E73 /* Issue Details */ = {
			isa = PBXGroup;
			children = (
				3B46938724936BB600D64E73 /* TTIssueViewModel.swift */,
				3B469389249371A500D64E73 /* TTIssueCommentsViewModel.swift */,
			);
			path = "Issue Details";
			sourceTree = "<group>";
		};
		3B46938B2493761300D64E73 /* Commits */ = {
			isa = PBXGroup;
			children = (
				3B46938C2493763300D64E73 /* TTCommitsViewModel.swift */,
				3B46938E249376D400D64E73 /* TTCommitCellViewModel.swift */,
			);
			path = Commits;
			sourceTree = "<group>";
		};
		3B46939024937B5D00D64E73 /* Branches */ = {
			isa = PBXGroup;
			children = (
				3B46939124937B8B00D64E73 /* TTBranchCellViewModel.swift */,
				3B46939524937C7500D64E73 /* TTBranchesViewModel.swift */,
			);
			path = Branches;
			sourceTree = "<group>";
		};
		3B67553D247B5BBE009973B6 /* Stubbed Responses */ = {
			isa = PBXGroup;
			children = (
				3B67553E247B5C06009973B6 /* RepositoryTrendings.json */,
				3B675540247B63EC009973B6 /* UserTrendings.json */,
				3B675542247B664A009973B6 /* Languages.json */,
			);
			path = "Stubbed Responses";
			sourceTree = "<group>";
		};
		3B675546247B7915009973B6 /* TableViewCell */ = {
			isa = PBXGroup;
			children = (
				3B675547247B7974009973B6 /* TTDefaultTableViewCellViewModel.swift */,
			);
			path = TableViewCell;
			sourceTree = "<group>";
		};
		3B67554D247CB068009973B6 /* Repositories */ = {
			isa = PBXGroup;
			children = (
				3B67554E247CB0A2009973B6 /* TTRepositoriesViewModel.swift */,
				3B0D0D11248F780B0092EB54 /* TTRepositoryCellViewModel.swift */,
			);
			path = Repositories;
			sourceTree = "<group>";
		};
		3BCF336D246BDADC00591DEF = {
			isa = PBXGroup;
			children = (
				3BCF3378246BDADD00591DEF /* TTSwiftHub */,
				3BCF338F246BDAE400591DEF /* TTSwiftHubTests */,
				3BCF339A246BDAE400591DEF /* TTSwiftHubUITests */,
				3BCF3377246BDADD00591DEF /* Products */,
				4B72D7C11BD04939EEF6CD6E /* Pods */,
				8E8F0CEE3261A712B15338BB /* Frameworks */,
			);
			sourceTree = "<group>";
		};
		3BCF3377246BDADD00591DEF /* Products */ = {
			isa = PBXGroup;
			children = (
				3BCF3376246BDADD00591DEF /* TTSwiftHub.app */,
				3BCF338C246BDAE400591DEF /* TTSwiftHubTests.xctest */,
				3BCF3397246BDAE400591DEF /* TTSwiftHubUITests.xctest */,
			);
			name = Products;
			sourceTree = "<group>";
		};
		3BCF3378246BDADD00591DEF /* TTSwiftHub */ = {
			isa = PBXGroup;
			children = (
				3BCF33A9246BE09700591DEF /* Application */,
				3BCF33AB246BE27300591DEF /* Modules */,
				3BCF342A246E3A6300591DEF /* Models */,
				3BCF33AD246BE33100591DEF /* Common */,
				3BCF33B6246BEDF200591DEF /* Configs */,
				3BCF33B9246BFCC800591DEF /* Extension */,
				3BCF33D3246CEDF000591DEF /* Managers */,
				3BCF33C2246CE36500591DEF /* Networking */,
				3BCF33C5246CE52900591DEF /* Third Libs */,
				3BCF33AA246BE24200591DEF /* Resources */,
			);
			path = TTSwiftHub;
			sourceTree = "<group>";
		};
		3BCF338F246BDAE400591DEF /* TTSwiftHubTests */ = {
			isa = PBXGroup;
			children = (
				3BCF3390246BDAE400591DEF /* TTSwiftHubTests.swift */,
				3BCF3392246BDAE400591DEF /* Info.plist */,
			);
			path = TTSwiftHubTests;
			sourceTree = "<group>";
		};
		3BCF339A246BDAE400591DEF /* TTSwiftHubUITests */ = {
			isa = PBXGroup;
			children = (
				3BCF339B246BDAE400591DEF /* TTSwiftHubUITests.swift */,
				3BCF339D246BDAE400591DEF /* Info.plist */,
			);
			path = TTSwiftHubUITests;
			sourceTree = "<group>";
		};
		3BCF33A9246BE09700591DEF /* Application */ = {
			isa = PBXGroup;
			children = (
				3BCF3379246BDADD00591DEF /* AppDelegate.swift */,
				3BCF337B246BDADD00591DEF /* SceneDelegate.swift */,
				3BCF33D8246D11DD00591DEF /* Navigator.swift */,
				3BCF343A246E694900591DEF /* TTApplication.swift */,
			);
			path = Application;
			sourceTree = "<group>";
		};
		3BCF33AA246BE24200591DEF /* Resources */ = {
			isa = PBXGroup;
			children = (
				3BCF3382246BDAE100591DEF /* Assets.xcassets */,
				3BCF340C246D2DBB00591DEF /* Icons.xcassets */,
				3BCF3387246BDAE100591DEF /* Info.plist */,
				3BF2FDCD2472292D0007C202 /* GoogleService-Info.plist */,
				3BCF3403246D290300591DEF /* Localizable.strings */,
				3B67553D247B5BBE009973B6 /* Stubbed Responses */,
				3BCF33DC246D253D00591DEF /* R.generated.swift */,
			);
			path = Resources;
			sourceTree = "<group>";
		};
		3BCF33AB246BE27300591DEF /* Modules */ = {
			isa = PBXGroup;
			children = (
				3BCF33AC246BE28200591DEF /* Main */,
				3BCF3415246E29C600591DEF /* Search */,
				3BCF341A246E2BE300591DEF /* Events */,
				3BCF341D246E2C3700591DEF /* Notifications */,
				3BCF3420246E2C8A00591DEF /* Settings */,
				3BCF3423246E2CDC00591DEF /* Login */,
				3B46938124935C4400D64E73 /* Issues */,
				3B46939024937B5D00D64E73 /* Branches */,
				3B0D0D18248F88E10092EB54 /* RepositoryDetails */,
				3B67554D247CB068009973B6 /* Repositories */,
				3B46938B2493761300D64E73 /* Commits */,
				3B0D0D13248F7D030092EB54 /* Users */,
				3B0D0D1D24908C310092EB54 /* UserDetails */,
			);
			path = Modules;
			sourceTree = "<group>";
		};
		3BCF33AC246BE28200591DEF /* Main */ = {
			isa = PBXGroup;
			children = (
				3BCF337D246BDADD00591DEF /* InitialSplitViewController.swift */,
				3BCF337F246BDADD00591DEF /* Main.storyboard */,
				3BCF3384246BDAE100591DEF /* LaunchScreen.storyboard */,
				3BCF3413246E28B200591DEF /* TTMainViewController.swift */,
				3BCF3426246E31CD00591DEF /* TTMainTabBarViewModel.swift */,
			);
			path = Main;
			sourceTree = "<group>";
		};
		3BCF33AD246BE33100591DEF /* Common */ = {
			isa = PBXGroup;
			children = (
				3BCF3409246D2D2000591DEF /* Controller */,
				3BCF3408246D2D1700591DEF /* View */,
				3BCF3446246EA04700591DEF /* ViewModel */,
			);
			path = Common;
			sourceTree = "<group>";
		};
		3BCF33B6246BEDF200591DEF /* Configs */ = {
			isa = PBXGroup;
			children = (
				3BCF33B7246BF19800591DEF /* Configs.swift */,
			);
			path = Configs;
			sourceTree = "<group>";
		};
		3BCF33B9246BFCC800591DEF /* Extension */ = {
			isa = PBXGroup;
			children = (
				3BCF33BA246BFD0900591DEF /* UIView+Layout.swift */,
				3B67554B247B9E82009973B6 /* UIColor+SwiftHub.swift */,
				3B46937F24932C1400D64E73 /* Foundation+SwiftHub.swift */,
				3BCF3437246E606600591DEF /* RxSwift */,
			);
			path = Extension;
			sourceTree = "<group>";
		};
		3BCF33C2246CE36500591DEF /* Networking */ = {
			isa = PBXGroup;
			children = (
				3BCF33C3246CE38300591DEF /* Api.swift */,
				3BCF3434246E586500591DEF /* GraphQL */,
				3BCF33CC246CE6D800591DEF /* Rest */,
			);
			path = Networking;
			sourceTree = "<group>";
		};
		3BCF33C5246CE52900591DEF /* Third Libs */ = {
			isa = PBXGroup;
			children = (
				3BCF33C9246CE5DD00591DEF /* RxErrorTracker */,
				3BCF33C6246CE55800591DEF /* RxActivityIndicator */,
			);
			path = "Third Libs";
			sourceTree = "<group>";
		};
		3BCF33C6246CE55800591DEF /* RxActivityIndicator */ = {
			isa = PBXGroup;
			children = (
				3BCF33C7246CE55800591DEF /* ActivityIndicator.swift */,
			);
			path = RxActivityIndicator;
			sourceTree = "<group>";
		};
		3BCF33C9246CE5DD00591DEF /* RxErrorTracker */ = {
			isa = PBXGroup;
			children = (
				3BCF33CA246CE5DD00591DEF /* ErrorTracker.swift */,
			);
			path = RxErrorTracker;
			sourceTree = "<group>";
		};
		3BCF33CC246CE6D800591DEF /* Rest */ = {
			isa = PBXGroup;
			children = (
				3BCF33CD246CE70D00591DEF /* TTRestApi.swift */,
				3BCF343C246E6B5A00591DEF /* TTGithubApi.swift */,
				3BF2FDD3247382C10007C202 /* TTTrendingGithubAPI.swift */,
				3BF2FDD12473822B0007C202 /* TTCodetabsApi.swift */,
				3BCF33CF246CE80E00591DEF /* ErrorResponse.swift */,
				3BCF33D1246CEA7300591DEF /* TTNetworking.swift */,
			);
			path = Rest;
			sourceTree = "<group>";
		};
		3BCF33D3246CEDF000591DEF /* Managers */ = {
			isa = PBXGroup;
			children = (
				3BCF33D4246CEE3000591DEF /* TTReachabilityManager.swift */,
				3BCF33D6246CFC5200591DEF /* TTLogManager.swift */,
				3BCF3410246D395200591DEF /* TTLibsManager.swift */,
				3BCF3440246E77DE00591DEF /* TTThemeManager.swift */,
				3BCF3444246E9D1B00591DEF /* TTAuthManager.swift */,
				3B0D0D252490B7140092EB54 /* TTAnalyticsManager.swift */,
			);
			path = Managers;
			sourceTree = "<group>";
		};
		3BCF3408246D2D1700591DEF /* View */ = {
			isa = PBXGroup;
			children = (
				3B675546247B7915009973B6 /* TableViewCell */,
				3BCF33B4246BEC4E00591DEF /* TTTableView.swift */,
				3BCF33BC246BFDAD00591DEF /* TTView.swift */,
				3BCF340A246D2D4800591DEF /* TTBarButtonItem.swift */,
				3BCF340E246D37C400591DEF /* TTStackView.swift */,
			);
			path = View;
			sourceTree = "<group>";
		};
		3BCF3409246D2D2000591DEF /* Controller */ = {
			isa = PBXGroup;
			children = (
				3BCF33BE246CDED500591DEF /* TTBaseViewController.swift */,
				3BCF33AE246BE36900591DEF /* TTTableViewController.swift */,
				3BCF3418246E2A5F00591DEF /* TTNavigationController.swift */,
				3BCF343E246E770E00591DEF /* TTSplitViewController.swift */,
			);
			path = Controller;
			sourceTree = "<group>";
		};
		3BCF3415246E29C600591DEF /* Search */ = {
			isa = PBXGroup;
			children = (
				3BCF3416246E29EC00591DEF /* TTSearchViewController.swift */,
				3BCF3428246E394800591DEF /* TTSearchViewModel.swift */,
				3B675544247B7847009973B6 /* TTSearchSection.swift */,
				3B675549247B955B009973B6 /* TTTrendingRepositoryCellViewModel.swift */,
				3B0D0D0F248F768C0092EB54 /* TTTrendingUserCellViewModel.swift */,
			);
			path = Search;
			sourceTree = "<group>";
		};
		3BCF341A246E2BE300591DEF /* Events */ = {
			isa = PBXGroup;
			children = (
				3BCF341B246E2BFF00591DEF /* TTEventsViewController.swift */,
				3BF2FDCF247267590007C202 /* TTEventsViewModel.swift */,
				3B0D0D272491C08B0092EB54 /* TTEventsCellViewModel.swift */,
			);
			path = Events;
			sourceTree = "<group>";
		};
		3BCF341D246E2C3700591DEF /* Notifications */ = {
			isa = PBXGroup;
			children = (
				3BCF341E246E2C5A00591DEF /* TTNotificationsViewController.swift */,
			);
			path = Notifications;
			sourceTree = "<group>";
		};
		3BCF3420246E2C8A00591DEF /* Settings */ = {
			isa = PBXGroup;
			children = (
				3BCF3421246E2CA300591DEF /* TTSettingsViewController.swift */,
			);
			path = Settings;
			sourceTree = "<group>";
		};
		3BCF3423246E2CDC00591DEF /* Login */ = {
			isa = PBXGroup;
			children = (
				3BCF3424246E2CED00591DEF /* TTLoginViewController.swift */,
			);
			path = Login;
			sourceTree = "<group>";
		};
		3BCF342A246E3A6300591DEF /* Models */ = {
			isa = PBXGroup;
			children = (
				3BCF342B246E3A8100591DEF /* TTUser.swift */,
				3BCF342D246E3BDE00591DEF /* TTRepository.swift */,
				3BCF342F246E41BA00591DEF /* ISO8601DateTransform.swift */,
				3BCF3431246E445600591DEF /* TTLanguage.swift */,
				3BCF3447246EA06500591DEF /* TTToken.swift */,
				3B0D0D292491C6E90092EB54 /* TTEvent.swift */,
				3B0D0D2B2491CF190092EB54 /* TTIssue.swift */,
				3B0D0D2D2491CF9F0092EB54 /* TTState.swift */,
				3B0D0D2F2491CFCB0092EB54 /* TTMilestone.swift */,
				3B0D0D312491D0140092EB54 /* TTPullRequest.swift */,
				3B0D0D332491D0E40092EB54 /* TTComment.swift */,
				3B0D0D352491D5650092EB54 /* TTCommit.swift */,
				3B0D0D372491D6670092EB54 /* TTRelease.swift */,
				3B0D0D3D24920BEA0092EB54 /* TTContent.swift */,
				3B46939324937BB700D64E73 /* TTBranch.swift */,
			);
			path = Models;
			sourceTree = "<group>";
		};
		3BCF3434246E586500591DEF /* GraphQL */ = {
			isa = PBXGroup;
			children = (
			);
			path = GraphQL;
			sourceTree = "<group>";
		};
		3BCF3437246E606600591DEF /* RxSwift */ = {
			isa = PBXGroup;
			children = (
				3BCF3435246E5F2900591DEF /* KafkaRefresh+Rx.swift */,
				3BCF3438246E609B00591DEF /* Observable+Operators.swift */,
			);
			path = RxSwift;
			sourceTree = "<group>";
		};
		3BCF3446246EA04700591DEF /* ViewModel */ = {
			isa = PBXGroup;
			children = (
				3BCF33C0246CE26500591DEF /* TTViewModelType.swift */,
			);
			path = ViewModel;
			sourceTree = "<group>";
		};
		4B72D7C11BD04939EEF6CD6E /* Pods */ = {
			isa = PBXGroup;
			children = (
				240A76CBED1F791CD1133D33 /* Pods-TTSwiftHub.debug.xcconfig */,
				234E234DB262EA97601B4834 /* Pods-TTSwiftHub.release.xcconfig */,
				425C402F9ACCFAF983F3BC59 /* Pods-TTSwiftHub-TTSwiftHubUITests.debug.xcconfig */,
				BF4ED0560A1A09A551B9FFDA /* Pods-TTSwiftHub-TTSwiftHubUITests.release.xcconfig */,
				0FA6BF85101229AF0AE1A1E3 /* Pods-TTSwiftHubTests.debug.xcconfig */,
				E740193F2C54EA180D60FDBB /* Pods-TTSwiftHubTests.release.xcconfig */,
			);
			path = Pods;
			sourceTree = "<group>";
		};
		8E8F0CEE3261A712B15338BB /* Frameworks */ = {
			isa = PBXGroup;
			children = (
				47D78F151FB87D972037E314 /* Pods_TTSwiftHub.framework */,
				20186349C22BEC120A0FE23A /* Pods_TTSwiftHub_TTSwiftHubUITests.framework */,
				A7D9D6227B1B3571B1B91CA9 /* Pods_TTSwiftHubTests.framework */,
			);
			name = Frameworks;
			sourceTree = "<group>";
		};
/* End PBXGroup section */

/* Begin PBXNativeTarget section */
		3BCF3375246BDADC00591DEF /* TTSwiftHub */ = {
			isa = PBXNativeTarget;
			buildConfigurationList = 3BCF33A0246BDAE400591DEF /* Build configuration list for PBXNativeTarget "TTSwiftHub" */;
			buildPhases = (
				E4A252396B40A24195C7A880 /* [CP] Check Pods Manifest.lock */,
				3BCF33DB246D202600591DEF /* R.swift */,
				3BCF3433246E555000591DEF /* GraphQL */,
				3BCF3372246BDADC00591DEF /* Sources */,
				3BCF3373246BDADC00591DEF /* Frameworks */,
				3BCF3374246BDADC00591DEF /* Resources */,
				D51D1F71FDF9FE20B12BC043 /* [CP] Embed Pods Frameworks */,
			);
			buildRules = (
			);
			dependencies = (
			);
			name = TTSwiftHub;
			productName = TTSwiftHub;
			productReference = 3BCF3376246BDADD00591DEF /* TTSwiftHub.app */;
			productType = "com.apple.product-type.application";
		};
		3BCF338B246BDAE400591DEF /* TTSwiftHubTests */ = {
			isa = PBXNativeTarget;
			buildConfigurationList = 3BCF33A3246BDAE400591DEF /* Build configuration list for PBXNativeTarget "TTSwiftHubTests" */;
			buildPhases = (
				B0984B802BF71D5306AB0044 /* [CP] Check Pods Manifest.lock */,
				3BCF3388246BDAE400591DEF /* Sources */,
				3BCF3389246BDAE400591DEF /* Frameworks */,
				3BCF338A246BDAE400591DEF /* Resources */,
			);
			buildRules = (
			);
			dependencies = (
				3BCF338E246BDAE400591DEF /* PBXTargetDependency */,
			);
			name = TTSwiftHubTests;
			productName = TTSwiftHubTests;
			productReference = 3BCF338C246BDAE400591DEF /* TTSwiftHubTests.xctest */;
			productType = "com.apple.product-type.bundle.unit-test";
		};
		3BCF3396246BDAE400591DEF /* TTSwiftHubUITests */ = {
			isa = PBXNativeTarget;
			buildConfigurationList = 3BCF33A6246BDAE400591DEF /* Build configuration list for PBXNativeTarget "TTSwiftHubUITests" */;
			buildPhases = (
				8DC4652A583B1DB8751FA678 /* [CP] Check Pods Manifest.lock */,
				3BCF3393246BDAE400591DEF /* Sources */,
				3BCF3394246BDAE400591DEF /* Frameworks */,
				3BCF3395246BDAE400591DEF /* Resources */,
				DC4A22A6641B44EA0F9EFC42 /* [CP] Embed Pods Frameworks */,
			);
			buildRules = (
			);
			dependencies = (
				3BCF3399246BDAE400591DEF /* PBXTargetDependency */,
			);
			name = TTSwiftHubUITests;
			productName = TTSwiftHubUITests;
			productReference = 3BCF3397246BDAE400591DEF /* TTSwiftHubUITests.xctest */;
			productType = "com.apple.product-type.bundle.ui-testing";
		};
/* End PBXNativeTarget section */

/* Begin PBXProject section */
		3BCF336E246BDADC00591DEF /* Project object */ = {
			isa = PBXProject;
			attributes = {
				CLASSPREFIX = TT;
				LastSwiftUpdateCheck = 1140;
				LastUpgradeCheck = 1140;
				ORGANIZATIONNAME = tTao;
				TargetAttributes = {
					3BCF3375246BDADC00591DEF = {
						CreatedOnToolsVersion = 11.4;
					};
					3BCF338B246BDAE400591DEF = {
						CreatedOnToolsVersion = 11.4;
						TestTargetID = 3BCF3375246BDADC00591DEF;
					};
					3BCF3396246BDAE400591DEF = {
						CreatedOnToolsVersion = 11.4;
						TestTargetID = 3BCF3375246BDADC00591DEF;
					};
				};
			};
			buildConfigurationList = 3BCF3371246BDADC00591DEF /* Build configuration list for PBXProject "TTSwiftHub" */;
			compatibilityVersion = "Xcode 9.3";
			developmentRegion = en;
			hasScannedForEncodings = 0;
			knownRegions = (
				en,
				Base,
				hy,
				it,
				"zh-Hans",
				ru,
			);
			mainGroup = 3BCF336D246BDADC00591DEF;
			productRefGroup = 3BCF3377246BDADD00591DEF /* Products */;
			projectDirPath = "";
			projectRoot = "";
			targets = (
				3BCF3375246BDADC00591DEF /* TTSwiftHub */,
				3BCF338B246BDAE400591DEF /* TTSwiftHubTests */,
				3BCF3396246BDAE400591DEF /* TTSwiftHubUITests */,
			);
		};
/* End PBXProject section */

/* Begin PBXResourcesBuildPhase section */
		3BCF3374246BDADC00591DEF /* Resources */ = {
			isa = PBXResourcesBuildPhase;
			buildActionMask = 2147483647;
			files = (
				3B67553F247B5C06009973B6 /* RepositoryTrendings.json in Resources */,
				3BCF3386246BDAE100591DEF /* LaunchScreen.storyboard in Resources */,
				3BCF3401246D290300591DEF /* Localizable.strings in Resources */,
				3BCF3383246BDAE100591DEF /* Assets.xcassets in Resources */,
				3B675543247B664A009973B6 /* Languages.json in Resources */,
				3BCF3381246BDADD00591DEF /* Main.storyboard in Resources */,
				3BCF340D246D2DBB00591DEF /* Icons.xcassets in Resources */,
				3BF2FDCE2472292D0007C202 /* GoogleService-Info.plist in Resources */,
				3B675541247B63EC009973B6 /* UserTrendings.json in Resources */,
			);
			runOnlyForDeploymentPostprocessing = 0;
		};
		3BCF338A246BDAE400591DEF /* Resources */ = {
			isa = PBXResourcesBuildPhase;
			buildActionMask = 2147483647;
			files = (
			);
			runOnlyForDeploymentPostprocessing = 0;
		};
		3BCF3395246BDAE400591DEF /* Resources */ = {
			isa = PBXResourcesBuildPhase;
			buildActionMask = 2147483647;
			files = (
			);
			runOnlyForDeploymentPostprocessing = 0;
		};
/* End PBXResourcesBuildPhase section */

/* Begin PBXShellScriptBuildPhase section */
		3BCF33DB246D202600591DEF /* R.swift */ = {
			isa = PBXShellScriptBuildPhase;
			buildActionMask = 2147483647;
			files = (
			);
			inputFileListPaths = (
			);
			inputPaths = (
				"$TEMP_DIR/rswift-lastrun",
			);
			name = R.swift;
			outputFileListPaths = (
			);
			outputPaths = (
				$SRCROOT/TTSwiftHub/Resources/R.generated.swift,
			);
			runOnlyForDeploymentPostprocessing = 0;
			shellPath = /bin/sh;
			shellScript = "\"$PODS_ROOT/R.swift/rswift\" generate \"$SRCROOT/TTSwiftHub/Resources/R.generated.swift\"\n";
		};
		3BCF3433246E555000591DEF /* GraphQL */ = {
			isa = PBXShellScriptBuildPhase;
			buildActionMask = 8;
			files = (
			);
			inputFileListPaths = (
			);
			inputPaths = (
			);
			name = GraphQL;
			outputFileListPaths = (
			);
			outputPaths = (
			);
			runOnlyForDeploymentPostprocessing = 1;
			shellPath = /bin/sh;
			shellScript = "SCRIPT_PATH=\"${PODS_ROOT}/Apollo/scripts\"\ncd \"${SRCROOT}/${TARGET_NAME}\"\n\"${SCRIPT_PATH}\"/run-bundled-codegen.sh codegen:generate --target=swift --includes=./**/*.graphql --localSchemaFile=\"Networking/GraphQL/schema.json\" Networking/GraphQL/API.swift\n";
		};
		8DC4652A583B1DB8751FA678 /* [CP] Check Pods Manifest.lock */ = {
			isa = PBXShellScriptBuildPhase;
			buildActionMask = 2147483647;
			files = (
			);
			inputFileListPaths = (
			);
			inputPaths = (
				"${PODS_PODFILE_DIR_PATH}/Podfile.lock",
				"${PODS_ROOT}/Manifest.lock",
			);
			name = "[CP] Check Pods Manifest.lock";
			outputFileListPaths = (
			);
			outputPaths = (
				"$(DERIVED_FILE_DIR)/Pods-TTSwiftHub-TTSwiftHubUITests-checkManifestLockResult.txt",
			);
			runOnlyForDeploymentPostprocessing = 0;
			shellPath = /bin/sh;
			shellScript = "diff \"${PODS_PODFILE_DIR_PATH}/Podfile.lock\" \"${PODS_ROOT}/Manifest.lock\" > /dev/null\nif [ $? != 0 ] ; then\n    # print error to STDERR\n    echo \"error: The sandbox is not in sync with the Podfile.lock. Run 'pod install' or update your CocoaPods installation.\" >&2\n    exit 1\nfi\n# This output is used by Xcode 'outputs' to avoid re-running this script phase.\necho \"SUCCESS\" > \"${SCRIPT_OUTPUT_FILE_0}\"\n";
			showEnvVarsInLog = 0;
		};
		B0984B802BF71D5306AB0044 /* [CP] Check Pods Manifest.lock */ = {
			isa = PBXShellScriptBuildPhase;
			buildActionMask = 2147483647;
			files = (
			);
			inputFileListPaths = (
			);
			inputPaths = (
				"${PODS_PODFILE_DIR_PATH}/Podfile.lock",
				"${PODS_ROOT}/Manifest.lock",
			);
			name = "[CP] Check Pods Manifest.lock";
			outputFileListPaths = (
			);
			outputPaths = (
				"$(DERIVED_FILE_DIR)/Pods-TTSwiftHubTests-checkManifestLockResult.txt",
			);
			runOnlyForDeploymentPostprocessing = 0;
			shellPath = /bin/sh;
			shellScript = "diff \"${PODS_PODFILE_DIR_PATH}/Podfile.lock\" \"${PODS_ROOT}/Manifest.lock\" > /dev/null\nif [ $? != 0 ] ; then\n    # print error to STDERR\n    echo \"error: The sandbox is not in sync with the Podfile.lock. Run 'pod install' or update your CocoaPods installation.\" >&2\n    exit 1\nfi\n# This output is used by Xcode 'outputs' to avoid re-running this script phase.\necho \"SUCCESS\" > \"${SCRIPT_OUTPUT_FILE_0}\"\n";
			showEnvVarsInLog = 0;
		};
		D51D1F71FDF9FE20B12BC043 /* [CP] Embed Pods Frameworks */ = {
			isa = PBXShellScriptBuildPhase;
			buildActionMask = 2147483647;
			files = (
			);
			inputFileListPaths = (
				"${PODS_ROOT}/Target Support Files/Pods-TTSwiftHub/Pods-TTSwiftHub-frameworks-${CONFIGURATION}-input-files.xcfilelist",
			);
			name = "[CP] Embed Pods Frameworks";
			outputFileListPaths = (
				"${PODS_ROOT}/Target Support Files/Pods-TTSwiftHub/Pods-TTSwiftHub-frameworks-${CONFIGURATION}-output-files.xcfilelist",
			);
			runOnlyForDeploymentPostprocessing = 0;
			shellPath = /bin/sh;
			shellScript = "\"${PODS_ROOT}/Target Support Files/Pods-TTSwiftHub/Pods-TTSwiftHub-frameworks.sh\"\n";
			showEnvVarsInLog = 0;
		};
		DC4A22A6641B44EA0F9EFC42 /* [CP] Embed Pods Frameworks */ = {
			isa = PBXShellScriptBuildPhase;
			buildActionMask = 2147483647;
			files = (
			);
			inputFileListPaths = (
				"${PODS_ROOT}/Target Support Files/Pods-TTSwiftHub-TTSwiftHubUITests/Pods-TTSwiftHub-TTSwiftHubUITests-frameworks-${CONFIGURATION}-input-files.xcfilelist",
			);
			name = "[CP] Embed Pods Frameworks";
			outputFileListPaths = (
				"${PODS_ROOT}/Target Support Files/Pods-TTSwiftHub-TTSwiftHubUITests/Pods-TTSwiftHub-TTSwiftHubUITests-frameworks-${CONFIGURATION}-output-files.xcfilelist",
			);
			runOnlyForDeploymentPostprocessing = 0;
			shellPath = /bin/sh;
			shellScript = "\"${PODS_ROOT}/Target Support Files/Pods-TTSwiftHub-TTSwiftHubUITests/Pods-TTSwiftHub-TTSwiftHubUITests-frameworks.sh\"\n";
			showEnvVarsInLog = 0;
		};
		E4A252396B40A24195C7A880 /* [CP] Check Pods Manifest.lock */ = {
			isa = PBXShellScriptBuildPhase;
			buildActionMask = 2147483647;
			files = (
			);
			inputFileListPaths = (
			);
			inputPaths = (
				"${PODS_PODFILE_DIR_PATH}/Podfile.lock",
				"${PODS_ROOT}/Manifest.lock",
			);
			name = "[CP] Check Pods Manifest.lock";
			outputFileListPaths = (
			);
			outputPaths = (
				"$(DERIVED_FILE_DIR)/Pods-TTSwiftHub-checkManifestLockResult.txt",
			);
			runOnlyForDeploymentPostprocessing = 0;
			shellPath = /bin/sh;
			shellScript = "diff \"${PODS_PODFILE_DIR_PATH}/Podfile.lock\" \"${PODS_ROOT}/Manifest.lock\" > /dev/null\nif [ $? != 0 ] ; then\n    # print error to STDERR\n    echo \"error: The sandbox is not in sync with the Podfile.lock. Run 'pod install' or update your CocoaPods installation.\" >&2\n    exit 1\nfi\n# This output is used by Xcode 'outputs' to avoid re-running this script phase.\necho \"SUCCESS\" > \"${SCRIPT_OUTPUT_FILE_0}\"\n";
			showEnvVarsInLog = 0;
		};
/* End PBXShellScriptBuildPhase section */

/* Begin PBXSourcesBuildPhase section */
		3BCF3372246BDADC00591DEF /* Sources */ = {
			isa = PBXSourcesBuildPhase;
			buildActionMask = 2147483647;
			files = (
				3BCF33D0246CE80E00591DEF /* ErrorResponse.swift in Sources */,
				3BCF3427246E31CD00591DEF /* TTMainTabBarViewModel.swift in Sources */,
				3BCF3445246E9D1B00591DEF /* TTAuthManager.swift in Sources */,
				3BF2FDD22473822B0007C202 /* TTCodetabsApi.swift in Sources */,
				3BCF33CE246CE70D00591DEF /* TTRestApi.swift in Sources */,
				3B46938024932C1400D64E73 /* Foundation+SwiftHub.swift in Sources */,
				3B0D0D382491D6670092EB54 /* TTRelease.swift in Sources */,
				3BCF3436246E5F2900591DEF /* KafkaRefresh+Rx.swift in Sources */,
				3B0D0D2E2491CF9F0092EB54 /* TTState.swift in Sources */,
				3B0D0D10248F768C0092EB54 /* TTTrendingUserCellViewModel.swift in Sources */,
				3B46938F249376D400D64E73 /* TTCommitCellViewModel.swift in Sources */,
				3BF2FDD4247382C10007C202 /* TTTrendingGithubAPI.swift in Sources */,
				3BCF33D9246D11DD00591DEF /* Navigator.swift in Sources */,
				3BCF341C246E2BFF00591DEF /* TTEventsViewController.swift in Sources */,
				3B0D0D3A249207710092EB54 /* TTRepositorySection.swift in Sources */,
				3B0D0D12248F780B0092EB54 /* TTRepositoryCellViewModel.swift in Sources */,
				3BCF343F246E770E00591DEF /* TTSplitViewController.swift in Sources */,
				3BCF3419246E2A5F00591DEF /* TTNavigationController.swift in Sources */,
				3BCF337E246BDADD00591DEF /* InitialSplitViewController.swift in Sources */,
				3BCF3425246E2CED00591DEF /* TTLoginViewController.swift in Sources */,
				3BCF33AF246BE36900591DEF /* TTTableViewController.swift in Sources */,
				3BCF343B246E694900591DEF /* TTApplication.swift in Sources */,
				3B67554A247B955B009973B6 /* TTTrendingRepositoryCellViewModel.swift in Sources */,
				3B67554F247CB0A2009973B6 /* TTRepositoriesViewModel.swift in Sources */,
				3B675548247B7974009973B6 /* TTDefaultTableViewCellViewModel.swift in Sources */,
				3B0D0D3C249207B90092EB54 /* TTRepositoryDetailCellViewModel.swift in Sources */,
				3BCF33BD246BFDAD00591DEF /* TTView.swift in Sources */,
				3B0D0D2124908CB00092EB54 /* TTUserSection.swift in Sources */,
				3BCF337A246BDADD00591DEF /* AppDelegate.swift in Sources */,
				3B0D0D282491C08B0092EB54 /* TTEventsCellViewModel.swift in Sources */,
				3BF2FDD0247267590007C202 /* TTEventsViewModel.swift in Sources */,
				3B0D0D2C2491CF190092EB54 /* TTIssue.swift in Sources */,
				3B0D0D322491D0140092EB54 /* TTPullRequest.swift in Sources */,
				3B0D0D2324908DC00092EB54 /* TTUserDetailCellViewModel.swift in Sources */,
				3BCF3432246E445600591DEF /* TTLanguage.swift in Sources */,
				3B46938824936BB600D64E73 /* TTIssueViewModel.swift in Sources */,
				3B675545247B7847009973B6 /* TTSearchSection.swift in Sources */,
				3B46938A249371A500D64E73 /* TTIssueCommentsViewModel.swift in Sources */,
				3B0D0D17248F7D420092EB54 /* TTUsersCellViewModel.swift in Sources */,
				3B0D0D1A248F88FA0092EB54 /* TTRepositoryViewModel.swift in Sources */,
				3B46937E24932A8C00D64E73 /* TTLanguagesCellViewModel.swift in Sources */,
				3BCF33DD246D253D00591DEF /* R.generated.swift in Sources */,
				3BCF33C8246CE55800591DEF /* ActivityIndicator.swift in Sources */,
				3BCF33CB246CE5DD00591DEF /* ErrorTracker.swift in Sources */,
				3BCF33C1246CE26500591DEF /* TTViewModelType.swift in Sources */,
				3B46939424937BB700D64E73 /* TTBranch.swift in Sources */,
				3B46938524935E3000D64E73 /* TTIssueCellViewModel.swift in Sources */,
				3BCF3430246E41BB00591DEF /* ISO8601DateTransform.swift in Sources */,
				3BCF3448246EA06500591DEF /* TTToken.swift in Sources */,
				3BCF340B246D2D4900591DEF /* TTBarButtonItem.swift in Sources */,
				3BCF33D5246CEE3000591DEF /* TTReachabilityManager.swift in Sources */,
				3BCF33C4246CE38300591DEF /* Api.swift in Sources */,
				3B0D0D262490B7140092EB54 /* TTAnalyticsManager.swift in Sources */,
				3B46938D2493763300D64E73 /* TTCommitsViewModel.swift in Sources */,
				3BCF33B5246BEC4E00591DEF /* TTTableView.swift in Sources */,
				3B46939224937B8B00D64E73 /* TTBranchCellViewModel.swift in Sources */,
				3B67554C247B9E82009973B6 /* UIColor+SwiftHub.swift in Sources */,
				3BCF33BF246CDED500591DEF /* TTBaseViewController.swift in Sources */,
				3BCF337C246BDADD00591DEF /* SceneDelegate.swift in Sources */,
				3BCF343D246E6B5A00591DEF /* TTGithubApi.swift in Sources */,
				3BCF3439246E609B00591DEF /* Observable+Operators.swift in Sources */,
				3B0D0D1C248F92520092EB54 /* TTUsersViewModel.swift in Sources */,
				3BCF3414246E28B200591DEF /* TTMainViewController.swift in Sources */,
				3BCF3422246E2CA300591DEF /* TTSettingsViewController.swift in Sources */,
				3BCF342C246E3A8100591DEF /* TTUser.swift in Sources */,
				3B0D0D342491D0E40092EB54 /* TTComment.swift in Sources */,
				3BCF33D2246CEA7300591DEF /* TTNetworking.swift in Sources */,
				3BCF33BB246BFD0900591DEF /* UIView+Layout.swift in Sources */,
				3BCF33D7246CFC5200591DEF /* TTLogManager.swift in Sources */,
				3BCF342E246E3BDE00591DEF /* TTRepository.swift in Sources */,
				3BCF341F246E2C5A00591DEF /* TTNotificationsViewController.swift in Sources */,
				3B0D0D1F24908C4C0092EB54 /* TTUserViewModel.swift in Sources */,
				3BCF3417246E29EC00591DEF /* TTSearchViewController.swift in Sources */,
				3BCF3441246E77DE00591DEF /* TTThemeManager.swift in Sources */,
				3B0D0D3E24920BEA0092EB54 /* TTContent.swift in Sources */,
				3B0D0D302491CFCB0092EB54 /* TTMilestone.swift in Sources */,
				3BCF3429246E394800591DEF /* TTSearchViewModel.swift in Sources */,
				3BCF33B8246BF19800591DEF /* Configs.swift in Sources */,
				3B0D0D362491D5650092EB54 /* TTCommit.swift in Sources */,
				3B0D0D2A2491C6E90092EB54 /* TTEvent.swift in Sources */,
				3BCF3411246D395200591DEF /* TTLibsManager.swift in Sources */,
				3B46938324935C6800D64E73 /* TTIssuesViewModel.swift in Sources */,
				3B46939624937C7500D64E73 /* TTBranchesViewModel.swift in Sources */,
				3BCF340F246D37C400591DEF /* TTStackView.swift in Sources */,
			);
			runOnlyForDeploymentPostprocessing = 0;
		};
		3BCF3388246BDAE400591DEF /* Sources */ = {
			isa = PBXSourcesBuildPhase;
			buildActionMask = 2147483647;
			files = (
				3BCF3391246BDAE400591DEF /* TTSwiftHubTests.swift in Sources */,
			);
			runOnlyForDeploymentPostprocessing = 0;
		};
		3BCF3393246BDAE400591DEF /* Sources */ = {
			isa = PBXSourcesBuildPhase;
			buildActionMask = 2147483647;
			files = (
				3BCF339C246BDAE400591DEF /* TTSwiftHubUITests.swift in Sources */,
			);
			runOnlyForDeploymentPostprocessing = 0;
		};
/* End PBXSourcesBuildPhase section */

/* Begin PBXTargetDependency section */
		3BCF338E246BDAE400591DEF /* PBXTargetDependency */ = {
			isa = PBXTargetDependency;
			target = 3BCF3375246BDADC00591DEF /* TTSwiftHub */;
			targetProxy = 3BCF338D246BDAE400591DEF /* PBXContainerItemProxy */;
		};
		3BCF3399246BDAE400591DEF /* PBXTargetDependency */ = {
			isa = PBXTargetDependency;
			target = 3BCF3375246BDADC00591DEF /* TTSwiftHub */;
			targetProxy = 3BCF3398246BDAE400591DEF /* PBXContainerItemProxy */;
		};
/* End PBXTargetDependency section */

/* Begin PBXVariantGroup section */
		3BCF337F246BDADD00591DEF /* Main.storyboard */ = {
			isa = PBXVariantGroup;
			children = (
				3BCF3380246BDADD00591DEF /* Base */,
			);
			name = Main.storyboard;
			sourceTree = "<group>";
		};
		3BCF3384246BDAE100591DEF /* LaunchScreen.storyboard */ = {
			isa = PBXVariantGroup;
			children = (
				3BCF3385246BDAE100591DEF /* Base */,
			);
			name = LaunchScreen.storyboard;
			sourceTree = "<group>";
		};
		3BCF3403246D290300591DEF /* Localizable.strings */ = {
			isa = PBXVariantGroup;
			children = (
				3BCF3402246D290300591DEF /* en */,
				3BCF3406246D290D00591DEF /* zh-Hans */,
			);
			name = Localizable.strings;
			sourceTree = "<group>";
		};
/* End PBXVariantGroup section */

/* Begin XCBuildConfiguration section */
		3BCF339E246BDAE400591DEF /* Debug */ = {
			isa = XCBuildConfiguration;
			buildSettings = {
				ALWAYS_SEARCH_USER_PATHS = NO;
				CLANG_ANALYZER_NONNULL = YES;
				CLANG_ANALYZER_NUMBER_OBJECT_CONVERSION = YES_AGGRESSIVE;
				CLANG_CXX_LANGUAGE_STANDARD = "gnu++14";
				CLANG_CXX_LIBRARY = "libc++";
				CLANG_ENABLE_MODULES = YES;
				CLANG_ENABLE_OBJC_ARC = YES;
				CLANG_ENABLE_OBJC_WEAK = YES;
				CLANG_WARN_BLOCK_CAPTURE_AUTORELEASING = YES;
				CLANG_WARN_BOOL_CONVERSION = YES;
				CLANG_WARN_COMMA = YES;
				CLANG_WARN_CONSTANT_CONVERSION = YES;
				CLANG_WARN_DEPRECATED_OBJC_IMPLEMENTATIONS = YES;
				CLANG_WARN_DIRECT_OBJC_ISA_USAGE = YES_ERROR;
				CLANG_WARN_DOCUMENTATION_COMMENTS = YES;
				CLANG_WARN_EMPTY_BODY = YES;
				CLANG_WARN_ENUM_CONVERSION = YES;
				CLANG_WARN_INFINITE_RECURSION = YES;
				CLANG_WARN_INT_CONVERSION = YES;
				CLANG_WARN_NON_LITERAL_NULL_CONVERSION = YES;
				CLANG_WARN_OBJC_IMPLICIT_RETAIN_SELF = YES;
				CLANG_WARN_OBJC_LITERAL_CONVERSION = YES;
				CLANG_WARN_OBJC_ROOT_CLASS = YES_ERROR;
				CLANG_WARN_RANGE_LOOP_ANALYSIS = YES;
				CLANG_WARN_STRICT_PROTOTYPES = YES;
				CLANG_WARN_SUSPICIOUS_MOVE = YES;
				CLANG_WARN_UNGUARDED_AVAILABILITY = YES_AGGRESSIVE;
				CLANG_WARN_UNREACHABLE_CODE = YES;
				CLANG_WARN__DUPLICATE_METHOD_MATCH = YES;
				COPY_PHASE_STRIP = NO;
				DEBUG_INFORMATION_FORMAT = dwarf;
				ENABLE_STRICT_OBJC_MSGSEND = YES;
				ENABLE_TESTABILITY = YES;
				GCC_C_LANGUAGE_STANDARD = gnu11;
				GCC_DYNAMIC_NO_PIC = NO;
				GCC_NO_COMMON_BLOCKS = YES;
				GCC_OPTIMIZATION_LEVEL = 0;
				GCC_PREPROCESSOR_DEFINITIONS = (
					"DEBUG=1",
					"$(inherited)",
				);
				GCC_WARN_64_TO_32_BIT_CONVERSION = YES;
				GCC_WARN_ABOUT_RETURN_TYPE = YES_ERROR;
				GCC_WARN_UNDECLARED_SELECTOR = YES;
				GCC_WARN_UNINITIALIZED_AUTOS = YES_AGGRESSIVE;
				GCC_WARN_UNUSED_FUNCTION = YES;
				GCC_WARN_UNUSED_VARIABLE = YES;
				IPHONEOS_DEPLOYMENT_TARGET = 13.4;
				MTL_ENABLE_DEBUG_INFO = INCLUDE_SOURCE;
				MTL_FAST_MATH = YES;
				ONLY_ACTIVE_ARCH = YES;
				SDKROOT = iphoneos;
				SWIFT_ACTIVE_COMPILATION_CONDITIONS = DEBUG;
				SWIFT_OPTIMIZATION_LEVEL = "-Onone";
			};
			name = Debug;
		};
		3BCF339F246BDAE400591DEF /* Release */ = {
			isa = XCBuildConfiguration;
			buildSettings = {
				ALWAYS_SEARCH_USER_PATHS = NO;
				CLANG_ANALYZER_NONNULL = YES;
				CLANG_ANALYZER_NUMBER_OBJECT_CONVERSION = YES_AGGRESSIVE;
				CLANG_CXX_LANGUAGE_STANDARD = "gnu++14";
				CLANG_CXX_LIBRARY = "libc++";
				CLANG_ENABLE_MODULES = YES;
				CLANG_ENABLE_OBJC_ARC = YES;
				CLANG_ENABLE_OBJC_WEAK = YES;
				CLANG_WARN_BLOCK_CAPTURE_AUTORELEASING = YES;
				CLANG_WARN_BOOL_CONVERSION = YES;
				CLANG_WARN_COMMA = YES;
				CLANG_WARN_CONSTANT_CONVERSION = YES;
				CLANG_WARN_DEPRECATED_OBJC_IMPLEMENTATIONS = YES;
				CLANG_WARN_DIRECT_OBJC_ISA_USAGE = YES_ERROR;
				CLANG_WARN_DOCUMENTATION_COMMENTS = YES;
				CLANG_WARN_EMPTY_BODY = YES;
				CLANG_WARN_ENUM_CONVERSION = YES;
				CLANG_WARN_INFINITE_RECURSION = YES;
				CLANG_WARN_INT_CONVERSION = YES;
				CLANG_WARN_NON_LITERAL_NULL_CONVERSION = YES;
				CLANG_WARN_OBJC_IMPLICIT_RETAIN_SELF = YES;
				CLANG_WARN_OBJC_LITERAL_CONVERSION = YES;
				CLANG_WARN_OBJC_ROOT_CLASS = YES_ERROR;
				CLANG_WARN_RANGE_LOOP_ANALYSIS = YES;
				CLANG_WARN_STRICT_PROTOTYPES = YES;
				CLANG_WARN_SUSPICIOUS_MOVE = YES;
				CLANG_WARN_UNGUARDED_AVAILABILITY = YES_AGGRESSIVE;
				CLANG_WARN_UNREACHABLE_CODE = YES;
				CLANG_WARN__DUPLICATE_METHOD_MATCH = YES;
				COPY_PHASE_STRIP = NO;
				DEBUG_INFORMATION_FORMAT = "dwarf-with-dsym";
				ENABLE_NS_ASSERTIONS = NO;
				ENABLE_STRICT_OBJC_MSGSEND = YES;
				GCC_C_LANGUAGE_STANDARD = gnu11;
				GCC_NO_COMMON_BLOCKS = YES;
				GCC_WARN_64_TO_32_BIT_CONVERSION = YES;
				GCC_WARN_ABOUT_RETURN_TYPE = YES_ERROR;
				GCC_WARN_UNDECLARED_SELECTOR = YES;
				GCC_WARN_UNINITIALIZED_AUTOS = YES_AGGRESSIVE;
				GCC_WARN_UNUSED_FUNCTION = YES;
				GCC_WARN_UNUSED_VARIABLE = YES;
				IPHONEOS_DEPLOYMENT_TARGET = 13.4;
				MTL_ENABLE_DEBUG_INFO = NO;
				MTL_FAST_MATH = YES;
				SDKROOT = iphoneos;
				SWIFT_COMPILATION_MODE = wholemodule;
				SWIFT_OPTIMIZATION_LEVEL = "-O";
				VALIDATE_PRODUCT = YES;
			};
			name = Release;
		};
		3BCF33A1246BDAE400591DEF /* Debug */ = {
			isa = XCBuildConfiguration;
			baseConfigurationReference = 240A76CBED1F791CD1133D33 /* Pods-TTSwiftHub.debug.xcconfig */;
			buildSettings = {
				ASSETCATALOG_COMPILER_APPICON_NAME = AppIcon;
				CODE_SIGN_STYLE = Automatic;
				DEVELOPMENT_TEAM = 4UW8B3X7J9;
				INFOPLIST_FILE = TTSwiftHub/Resources/Info.plist;
				IPHONEOS_DEPLOYMENT_TARGET = 11.0;
				LD_RUNPATH_SEARCH_PATHS = (
					"$(inherited)",
					"@executable_path/Frameworks",
				);
				PRODUCT_BUNDLE_IDENTIFIER = cn.com.tTao.TTSwiftHub;
				PRODUCT_NAME = "$(TARGET_NAME)";
				SWIFT_VERSION = 5.0;
				TARGETED_DEVICE_FAMILY = "1,2";
			};
			name = Debug;
		};
		3BCF33A2246BDAE400591DEF /* Release */ = {
			isa = XCBuildConfiguration;
			baseConfigurationReference = 234E234DB262EA97601B4834 /* Pods-TTSwiftHub.release.xcconfig */;
			buildSettings = {
				ASSETCATALOG_COMPILER_APPICON_NAME = AppIcon;
				CODE_SIGN_STYLE = Automatic;
				DEVELOPMENT_TEAM = 4UW8B3X7J9;
				INFOPLIST_FILE = TTSwiftHub/Resources/Info.plist;
				IPHONEOS_DEPLOYMENT_TARGET = 11.0;
				LD_RUNPATH_SEARCH_PATHS = (
					"$(inherited)",
					"@executable_path/Frameworks",
				);
				PRODUCT_BUNDLE_IDENTIFIER = cn.com.tTao.TTSwiftHub;
				PRODUCT_NAME = "$(TARGET_NAME)";
				SWIFT_VERSION = 5.0;
				TARGETED_DEVICE_FAMILY = "1,2";
			};
			name = Release;
		};
		3BCF33A4246BDAE400591DEF /* Debug */ = {
			isa = XCBuildConfiguration;
			baseConfigurationReference = 0FA6BF85101229AF0AE1A1E3 /* Pods-TTSwiftHubTests.debug.xcconfig */;
			buildSettings = {
				ALWAYS_EMBED_SWIFT_STANDARD_LIBRARIES = YES;
				BUNDLE_LOADER = "$(TEST_HOST)";
				CODE_SIGN_STYLE = Automatic;
				INFOPLIST_FILE = TTSwiftHubTests/Info.plist;
				IPHONEOS_DEPLOYMENT_TARGET = 13.4;
				LD_RUNPATH_SEARCH_PATHS = (
					"$(inherited)",
					"@executable_path/Frameworks",
					"@loader_path/Frameworks",
				);
				PRODUCT_BUNDLE_IDENTIFIER = cn.com.tTao.TTSwiftHubTests;
				PRODUCT_NAME = "$(TARGET_NAME)";
				SWIFT_VERSION = 5.0;
				TARGETED_DEVICE_FAMILY = "1,2";
				TEST_HOST = "$(BUILT_PRODUCTS_DIR)/TTSwiftHub.app/TTSwiftHub";
			};
			name = Debug;
		};
		3BCF33A5246BDAE400591DEF /* Release */ = {
			isa = XCBuildConfiguration;
			baseConfigurationReference = E740193F2C54EA180D60FDBB /* Pods-TTSwiftHubTests.release.xcconfig */;
			buildSettings = {
				ALWAYS_EMBED_SWIFT_STANDARD_LIBRARIES = YES;
				BUNDLE_LOADER = "$(TEST_HOST)";
				CODE_SIGN_STYLE = Automatic;
				INFOPLIST_FILE = TTSwiftHubTests/Info.plist;
				IPHONEOS_DEPLOYMENT_TARGET = 13.4;
				LD_RUNPATH_SEARCH_PATHS = (
					"$(inherited)",
					"@executable_path/Frameworks",
					"@loader_path/Frameworks",
				);
				PRODUCT_BUNDLE_IDENTIFIER = cn.com.tTao.TTSwiftHubTests;
				PRODUCT_NAME = "$(TARGET_NAME)";
				SWIFT_VERSION = 5.0;
				TARGETED_DEVICE_FAMILY = "1,2";
				TEST_HOST = "$(BUILT_PRODUCTS_DIR)/TTSwiftHub.app/TTSwiftHub";
			};
			name = Release;
		};
		3BCF33A7246BDAE400591DEF /* Debug */ = {
			isa = XCBuildConfiguration;
			baseConfigurationReference = 425C402F9ACCFAF983F3BC59 /* Pods-TTSwiftHub-TTSwiftHubUITests.debug.xcconfig */;
			buildSettings = {
				ALWAYS_EMBED_SWIFT_STANDARD_LIBRARIES = YES;
				CODE_SIGN_STYLE = Automatic;
				INFOPLIST_FILE = TTSwiftHubUITests/Info.plist;
				LD_RUNPATH_SEARCH_PATHS = (
					"$(inherited)",
					"@executable_path/Frameworks",
					"@loader_path/Frameworks",
				);
				PRODUCT_BUNDLE_IDENTIFIER = cn.com.tTao.TTSwiftHubUITests;
				PRODUCT_NAME = "$(TARGET_NAME)";
				SWIFT_VERSION = 5.0;
				TARGETED_DEVICE_FAMILY = "1,2";
				TEST_TARGET_NAME = TTSwiftHub;
			};
			name = Debug;
		};
		3BCF33A8246BDAE400591DEF /* Release */ = {
			isa = XCBuildConfiguration;
			baseConfigurationReference = BF4ED0560A1A09A551B9FFDA /* Pods-TTSwiftHub-TTSwiftHubUITests.release.xcconfig */;
			buildSettings = {
				ALWAYS_EMBED_SWIFT_STANDARD_LIBRARIES = YES;
				CODE_SIGN_STYLE = Automatic;
				INFOPLIST_FILE = TTSwiftHubUITests/Info.plist;
				LD_RUNPATH_SEARCH_PATHS = (
					"$(inherited)",
					"@executable_path/Frameworks",
					"@loader_path/Frameworks",
				);
				PRODUCT_BUNDLE_IDENTIFIER = cn.com.tTao.TTSwiftHubUITests;
				PRODUCT_NAME = "$(TARGET_NAME)";
				SWIFT_VERSION = 5.0;
				TARGETED_DEVICE_FAMILY = "1,2";
				TEST_TARGET_NAME = TTSwiftHub;
			};
			name = Release;
		};
/* End XCBuildConfiguration section */

/* Begin XCConfigurationList section */
		3BCF3371246BDADC00591DEF /* Build configuration list for PBXProject "TTSwiftHub" */ = {
			isa = XCConfigurationList;
			buildConfigurations = (
				3BCF339E246BDAE400591DEF /* Debug */,
				3BCF339F246BDAE400591DEF /* Release */,
			);
			defaultConfigurationIsVisible = 0;
			defaultConfigurationName = Release;
		};
		3BCF33A0246BDAE400591DEF /* Build configuration list for PBXNativeTarget "TTSwiftHub" */ = {
			isa = XCConfigurationList;
			buildConfigurations = (
				3BCF33A1246BDAE400591DEF /* Debug */,
				3BCF33A2246BDAE400591DEF /* Release */,
			);
			defaultConfigurationIsVisible = 0;
			defaultConfigurationName = Release;
		};
		3BCF33A3246BDAE400591DEF /* Build configuration list for PBXNativeTarget "TTSwiftHubTests" */ = {
			isa = XCConfigurationList;
			buildConfigurations = (
				3BCF33A4246BDAE400591DEF /* Debug */,
				3BCF33A5246BDAE400591DEF /* Release */,
			);
			defaultConfigurationIsVisible = 0;
			defaultConfigurationName = Release;
		};
		3BCF33A6246BDAE400591DEF /* Build configuration list for PBXNativeTarget "TTSwiftHubUITests" */ = {
			isa = XCConfigurationList;
			buildConfigurations = (
				3BCF33A7246BDAE400591DEF /* Debug */,
				3BCF33A8246BDAE400591DEF /* Release */,
			);
			defaultConfigurationIsVisible = 0;
			defaultConfigurationName = Release;
		};
/* End XCConfigurationList section */
	};
	rootObject = 3BCF336E246BDADC00591DEF /* Project object */;
}
